// !$*UTF8*$!
{
	archiveVersion = 1;
	classes = {
	};
	objectVersion = 46;
	objects = {

/* Begin PBXBuildFile section */
		0406865B1B024E2500A1FF7A /* GPKGColumnValue.m in Sources */ = {isa = PBXBuildFile; fileRef = 0406865A1B024E2500A1FF7A /* GPKGColumnValue.m */; };
		040686611B03BE4F00A1FF7A /* GPKGSqlLiteQueryBuilder.m in Sources */ = {isa = PBXBuildFile; fileRef = 040686601B03BE4F00A1FF7A /* GPKGSqlLiteQueryBuilder.m */; };
		040686641B04C75200A1FF7A /* GPKGSqlUtils.m in Sources */ = {isa = PBXBuildFile; fileRef = 040686631B04C75200A1FF7A /* GPKGSqlUtils.m */; };
		0406866D1B06566E00A1FF7A /* GPKGSpatialReferenceSystem.m in Sources */ = {isa = PBXBuildFile; fileRef = 0406866C1B06566E00A1FF7A /* GPKGSpatialReferenceSystem.m */; };
		040686701B06568800A1FF7A /* GPKGSpatialReferenceSystemDao.m in Sources */ = {isa = PBXBuildFile; fileRef = 0406866F1B06568800A1FF7A /* GPKGSpatialReferenceSystemDao.m */; };
		040686741B066B1000A1FF7A /* GPKGProjectionConstants.m in Sources */ = {isa = PBXBuildFile; fileRef = 040686731B066B1000A1FF7A /* GPKGProjectionConstants.m */; };
		040686771B0A128000A1FF7A /* GPKGContents.m in Sources */ = {isa = PBXBuildFile; fileRef = 040686761B0A128000A1FF7A /* GPKGContents.m */; };
		0406867A1B0A12A000A1FF7A /* GPKGContentsDao.m in Sources */ = {isa = PBXBuildFile; fileRef = 040686791B0A12A000A1FF7A /* GPKGContentsDao.m */; };
		0406867D1B0A56D900A1FF7A /* GPKGGeoPackageConstants.m in Sources */ = {isa = PBXBuildFile; fileRef = 0406867C1B0A56D900A1FF7A /* GPKGGeoPackageConstants.m */; };
		040686841B0A7D9E00A1FF7A /* GPKGTileMatrixSet.m in Sources */ = {isa = PBXBuildFile; fileRef = 040686831B0A7D9E00A1FF7A /* GPKGTileMatrixSet.m */; };
		040686871B0A7DC100A1FF7A /* GPKGTileMatrixSetDao.m in Sources */ = {isa = PBXBuildFile; fileRef = 040686861B0A7DC100A1FF7A /* GPKGTileMatrixSetDao.m */; };
		0406868A1B0A859F00A1FF7A /* GPKGBoundingBox.m in Sources */ = {isa = PBXBuildFile; fileRef = 040686891B0A859F00A1FF7A /* GPKGBoundingBox.m */; };
		0406868D1B0B70C700A1FF7A /* GPKGTileMatrix.m in Sources */ = {isa = PBXBuildFile; fileRef = 0406868C1B0B70C700A1FF7A /* GPKGTileMatrix.m */; };
		040686901B0B70EC00A1FF7A /* GPKGTileMatrixDao.m in Sources */ = {isa = PBXBuildFile; fileRef = 0406868F1B0B70EC00A1FF7A /* GPKGTileMatrixDao.m */; };
		040686961B0B8F8800A1FF7A /* GPKGDataColumnsDao.m in Sources */ = {isa = PBXBuildFile; fileRef = 040686951B0B8F8800A1FF7A /* GPKGDataColumnsDao.m */; };
		040686991B0B8F9E00A1FF7A /* GPKGDataColumns.m in Sources */ = {isa = PBXBuildFile; fileRef = 040686981B0B8F9E00A1FF7A /* GPKGDataColumns.m */; };
		0406869C1B0B9C8000A1FF7A /* GPKGDataColumnConstraints.m in Sources */ = {isa = PBXBuildFile; fileRef = 0406869B1B0B9C8000A1FF7A /* GPKGDataColumnConstraints.m */; };
		0406869F1B0B9C9F00A1FF7A /* GPKGDataColumnConstraintsDao.m in Sources */ = {isa = PBXBuildFile; fileRef = 0406869E1B0B9C9F00A1FF7A /* GPKGDataColumnConstraintsDao.m */; };
		040686A31B0BD78B00A1FF7A /* GPKGMetadataDao.m in Sources */ = {isa = PBXBuildFile; fileRef = 040686A21B0BD78B00A1FF7A /* GPKGMetadataDao.m */; };
		040686A61B0BD7A000A1FF7A /* GPKGMetadata.m in Sources */ = {isa = PBXBuildFile; fileRef = 040686A51B0BD7A000A1FF7A /* GPKGMetadata.m */; };
		040686A91B0BE8D600A1FF7A /* GPKGMetadataScope.m in Sources */ = {isa = PBXBuildFile; fileRef = 040686A81B0BE8D600A1FF7A /* GPKGMetadataScope.m */; };
		040686AD1B0BEF2400A1FF7A /* GPKGMetadataReference.m in Sources */ = {isa = PBXBuildFile; fileRef = 040686AC1B0BEF2400A1FF7A /* GPKGMetadataReference.m */; };
		040686B01B0BEF3900A1FF7A /* GPKGMetadataReferenceDao.m in Sources */ = {isa = PBXBuildFile; fileRef = 040686AF1B0BEF3900A1FF7A /* GPKGMetadataReferenceDao.m */; };
		040686B41B0CC2FA00A1FF7A /* GPKGExtensions.m in Sources */ = {isa = PBXBuildFile; fileRef = 040686B31B0CC2FA00A1FF7A /* GPKGExtensions.m */; };
		040686B71B0CC31500A1FF7A /* GPKGExtensionsDao.m in Sources */ = {isa = PBXBuildFile; fileRef = 040686B61B0CC31500A1FF7A /* GPKGExtensionsDao.m */; };
		040686BA1B0CD60100A1FF7A /* GPKGTableCreator.m in Sources */ = {isa = PBXBuildFile; fileRef = 040686B91B0CD60100A1FF7A /* GPKGTableCreator.m */; };
		040686BF1B0CD7C400A1FF7A /* GPKGGeometryData.m in Sources */ = {isa = PBXBuildFile; fileRef = 040686BE1B0CD7C400A1FF7A /* GPKGGeometryData.m */; };
		040686C31B0D08A900A1FF7A /* GPKGUserDao.m in Sources */ = {isa = PBXBuildFile; fileRef = 040686C21B0D08A900A1FF7A /* GPKGUserDao.m */; };
		040686C61B0D0EF800A1FF7A /* GPKGUserTable.m in Sources */ = {isa = PBXBuildFile; fileRef = 040686C51B0D0EF800A1FF7A /* GPKGUserTable.m */; };
		040686C91B0D0F1800A1FF7A /* GPKGUserColumn.m in Sources */ = {isa = PBXBuildFile; fileRef = 040686C81B0D0F1800A1FF7A /* GPKGUserColumn.m */; };
		040686CC1B0D0F5A00A1FF7A /* GPKGUserUniqueConstraint.m in Sources */ = {isa = PBXBuildFile; fileRef = 040686CB1B0D0F5A00A1FF7A /* GPKGUserUniqueConstraint.m */; };
		040686CF1B0D1E6100A1FF7A /* GPKGUserRow.m in Sources */ = {isa = PBXBuildFile; fileRef = 040686CE1B0D1E6100A1FF7A /* GPKGUserRow.m */; };
		040686D21B0D2E2000A1FF7A /* GPKGDataTypes.m in Sources */ = {isa = PBXBuildFile; fileRef = 040686D11B0D2E2000A1FF7A /* GPKGDataTypes.m */; };
		040686D51B0E7EAF00A1FF7A /* GPKGFeatureDao.m in Sources */ = {isa = PBXBuildFile; fileRef = 040686D41B0E7EAF00A1FF7A /* GPKGFeatureDao.m */; };
		040686D81B0E870800A1FF7A /* GPKGProjection.m in Sources */ = {isa = PBXBuildFile; fileRef = 040686D71B0E870800A1FF7A /* GPKGProjection.m */; };
		040686DB1B0E8F7700A1FF7A /* GPKGProjectionTransform.m in Sources */ = {isa = PBXBuildFile; fileRef = 040686DA1B0E8F7700A1FF7A /* GPKGProjectionTransform.m */; };
		040686DE1B0E91DD00A1FF7A /* GPKGProjectionFactory.m in Sources */ = {isa = PBXBuildFile; fileRef = 040686DD1B0E91DD00A1FF7A /* GPKGProjectionFactory.m */; };
		040686E11B14C8F200A1FF7A /* GPKGFeatureRow.m in Sources */ = {isa = PBXBuildFile; fileRef = 040686E01B14C8F200A1FF7A /* GPKGFeatureRow.m */; };
		040686E41B14CCE000A1FF7A /* GPKGFeatureTable.m in Sources */ = {isa = PBXBuildFile; fileRef = 040686E31B14CCE000A1FF7A /* GPKGFeatureTable.m */; };
		040686E71B14CCFA00A1FF7A /* GPKGFeatureColumn.m in Sources */ = {isa = PBXBuildFile; fileRef = 040686E61B14CCFA00A1FF7A /* GPKGFeatureColumn.m */; };
		043AEBB71B29ED8F0079D457 /* GPKGIOUtils.m in Sources */ = {isa = PBXBuildFile; fileRef = 043AEBB41B29EBFE0079D457 /* GPKGIOUtils.m */; };
		044FA5261B275C3500E09D30 /* GPKGBaseTestCase.m in Sources */ = {isa = PBXBuildFile; fileRef = 044FA5231B275C3500E09D30 /* GPKGBaseTestCase.m */; };
		044FA5271B275C3500E09D30 /* GPKGGeoPackageTestCase.m in Sources */ = {isa = PBXBuildFile; fileRef = 044FA5251B275C3500E09D30 /* GPKGGeoPackageTestCase.m */; };
		044FA5291B275EBB00E09D30 /* libsqlite3.dylib in Frameworks */ = {isa = PBXBuildFile; fileRef = 048C21201AFB99D300EBC38B /* libsqlite3.dylib */; };
		044FA5301B276CE800E09D30 /* GPKGCreateGeoPackageTestCase.m in Sources */ = {isa = PBXBuildFile; fileRef = 044FA52F1B276CE800E09D30 /* GPKGCreateGeoPackageTestCase.m */; };
		044FA5331B276D8700E09D30 /* GPKGTestSetupTeardown.m in Sources */ = {isa = PBXBuildFile; fileRef = 044FA5321B276D8700E09D30 /* GPKGTestSetupTeardown.m */; };
		044FA5391B2771FF00E09D30 /* GPKGTestConstants.m in Sources */ = {isa = PBXBuildFile; fileRef = 044FA5381B2771FF00E09D30 /* GPKGTestConstants.m */; };
		044FA53C1B277A5800E09D30 /* GPKGImportGeoPackageTestCase.m in Sources */ = {isa = PBXBuildFile; fileRef = 044FA53B1B277A5800E09D30 /* GPKGImportGeoPackageTestCase.m */; };
		044FA53E1B277D8500E09D30 /* import_db.gpkg in Resources */ = {isa = PBXBuildFile; fileRef = 044FA53D1B277D8500E09D30 /* import_db.gpkg */; };
		044FA5431B278EC100E09D30 /* GPKGGeoPackageGeometryDataUtils.m in Sources */ = {isa = PBXBuildFile; fileRef = 044FA5421B278EC100E09D30 /* GPKGGeoPackageGeometryDataUtils.m */; };
		044FA5461B278EEF00E09D30 /* GPKGGeoPackageGeometryDataImportTest.m in Sources */ = {isa = PBXBuildFile; fileRef = 044FA5451B278EEF00E09D30 /* GPKGGeoPackageGeometryDataImportTest.m */; };
		044FA5491B28C61600E09D30 /* GPKGGeoPackageGeometryDataCreateTest.m in Sources */ = {isa = PBXBuildFile; fileRef = 044FA5481B28C61600E09D30 /* GPKGGeoPackageGeometryDataCreateTest.m */; };
		044FA54A1B29D71400E09D30 /* tables.plist in Resources */ = {isa = PBXBuildFile; fileRef = 0499A7AD1B21CC8700C161DD /* tables.plist */; };
		048C21211AFB99D300EBC38B /* libsqlite3.dylib in Frameworks */ = {isa = PBXBuildFile; fileRef = 048C21201AFB99D300EBC38B /* libsqlite3.dylib */; };
		048C21281AFBA5B300EBC38B /* GPKGConnection.m in Sources */ = {isa = PBXBuildFile; fileRef = 048C21271AFBA5B300EBC38B /* GPKGConnection.m */; };
		0499A7671B1CDA8600C161DD /* GPKGGeometryExtensions.m in Sources */ = {isa = PBXBuildFile; fileRef = 0499A7661B1CDA8600C161DD /* GPKGGeometryExtensions.m */; };
		0499A7A91B1F380800C161DD /* GPKGContentValues.m in Sources */ = {isa = PBXBuildFile; fileRef = 0499A7A81B1F380800C161DD /* GPKGContentValues.m */; };
		0499A7AC1B207EBB00C161DD /* GPKGColumnValues.m in Sources */ = {isa = PBXBuildFile; fileRef = 0499A7AB1B207EBB00C161DD /* GPKGColumnValues.m */; };
		0499A7B01B220D4000C161DD /* GPKGTileDao.m in Sources */ = {isa = PBXBuildFile; fileRef = 0499A7AF1B220D4000C161DD /* GPKGTileDao.m */; };
		0499A7B31B220D5A00C161DD /* GPKGTileRow.m in Sources */ = {isa = PBXBuildFile; fileRef = 0499A7B21B220D5A00C161DD /* GPKGTileRow.m */; };
		0499A7B61B220D7B00C161DD /* GPKGTileTable.m in Sources */ = {isa = PBXBuildFile; fileRef = 0499A7B51B220D7B00C161DD /* GPKGTileTable.m */; };
		0499A7B91B220D9100C161DD /* GPKGTileColumn.m in Sources */ = {isa = PBXBuildFile; fileRef = 0499A7B81B220D9100C161DD /* GPKGTileColumn.m */; };
		0499A7BC1B220DA900C161DD /* GPKGTileTableReader.m in Sources */ = {isa = PBXBuildFile; fileRef = 0499A7BB1B220DA900C161DD /* GPKGTileTableReader.m */; };
		0499A7BF1B25D18F00C161DD /* GPKGTileBoundingBoxUtils.m in Sources */ = {isa = PBXBuildFile; fileRef = 0499A7BE1B25D18F00C161DD /* GPKGTileBoundingBoxUtils.m */; };
		0499A7C21B25D19E00C161DD /* GPKGTileGrid.m in Sources */ = {isa = PBXBuildFile; fileRef = 0499A7C11B25D19E00C161DD /* GPKGTileGrid.m */; };
		0499A7C51B25EA9D00C161DD /* GPKGTileDaoUtils.m in Sources */ = {isa = PBXBuildFile; fileRef = 0499A7C41B25EA9D00C161DD /* GPKGTileDaoUtils.m */; };
		0499A7C91B271EC300C161DD /* GPKGGeoPackageValidate.m in Sources */ = {isa = PBXBuildFile; fileRef = 0499A7C81B271EC300C161DD /* GPKGGeoPackageValidate.m */; };
		0499E61B1AFD22D700431FCF /* GPKGGeoPackage.m in Sources */ = {isa = PBXBuildFile; fileRef = 0499E61A1AFD22D700431FCF /* GPKGGeoPackage.m */; };
		0499E61F1AFD2CBC00431FCF /* GPKGGeoPackageManager.m in Sources */ = {isa = PBXBuildFile; fileRef = 0499E61E1AFD2CBC00431FCF /* GPKGGeoPackageManager.m */; };
		0499E6221AFD330200431FCF /* GPKGGeoPackageFactory.m in Sources */ = {isa = PBXBuildFile; fileRef = 0499E6211AFD330200431FCF /* GPKGGeoPackageFactory.m */; };
		0499E6271AFD441C00431FCF /* GPKGGeometryColumns.m in Sources */ = {isa = PBXBuildFile; fileRef = 0499E6261AFD441C00431FCF /* GPKGGeometryColumns.m */; };
		0499E62A1AFD443600431FCF /* GPKGGeometryColumnsDao.m in Sources */ = {isa = PBXBuildFile; fileRef = 0499E6291AFD443600431FCF /* GPKGGeometryColumnsDao.m */; };
		0499E62E1AFD4CC100431FCF /* GPKGBaseDao.m in Sources */ = {isa = PBXBuildFile; fileRef = 0499E62D1AFD4CC100431FCF /* GPKGBaseDao.m */; };
		04A1D8DF1B1616320006674B /* GPKGUserTableReader.m in Sources */ = {isa = PBXBuildFile; fileRef = 04A1D8DE1B1616320006674B /* GPKGUserTableReader.m */; };
		04A1D8E21B16179E0006674B /* GPKGFeatureTableReader.m in Sources */ = {isa = PBXBuildFile; fileRef = 04A1D8E11B16179E0006674B /* GPKGFeatureTableReader.m */; };
		04A1D8E51B173FC20006674B /* GPKGUtils.m in Sources */ = {isa = PBXBuildFile; fileRef = 04A1D8E41B173FC20006674B /* GPKGUtils.m */; };
		04CF0DA61B29F97500021F6D /* GPKGProperties.m in Sources */ = {isa = PBXBuildFile; fileRef = 04CF0DA51B29F97500021F6D /* GPKGProperties.m */; };
		04CF0DA91B29F98500021F6D /* GPKGPropertyConstants.m in Sources */ = {isa = PBXBuildFile; fileRef = 04CF0DA81B29F98500021F6D /* GPKGPropertyConstants.m */; };
		04E0BC041B2B42AF00267E6A /* GPKGTestUtils.m in Sources */ = {isa = PBXBuildFile; fileRef = 04E0BC031B2B42AF00267E6A /* GPKGTestUtils.m */; };
		04E0BC061B30B82800267E6A /* CoreGraphics.framework in Frameworks */ = {isa = PBXBuildFile; fileRef = 04E0BC051B30B82800267E6A /* CoreGraphics.framework */; };
		04E0BC081B30B83400267E6A /* UIKit.framework in Frameworks */ = {isa = PBXBuildFile; fileRef = 04E0BC071B30B83400267E6A /* UIKit.framework */; };
		04E0BC0A1B30B99800267E6A /* tile.png in Resources */ = {isa = PBXBuildFile; fileRef = 04E0BC091B30B99800267E6A /* tile.png */; };
		04E0BC0C1B30B9BF00267E6A /* import_db_corrupt.gpkg in Resources */ = {isa = PBXBuildFile; fileRef = 04E0BC0B1B30B9BF00267E6A /* import_db_corrupt.gpkg */; };
		04E0BC0F1B30C8B300267E6A /* GPKGImageConverter.m in Sources */ = {isa = PBXBuildFile; fileRef = 04E0BC0E1B30C8B300267E6A /* GPKGImageConverter.m */; };
		04E0BC151B319E8700267E6A /* GPKGCompressFormats.m in Sources */ = {isa = PBXBuildFile; fileRef = 04E0BC141B319E8700267E6A /* GPKGCompressFormats.m */; };
		04E0BC181B31BD4200267E6A /* GPKGTileGenerator.m in Sources */ = {isa = PBXBuildFile; fileRef = 04E0BC171B31BD4200267E6A /* GPKGTileGenerator.m */; };
		04E0BC1F1B31BE4D00267E6A /* GPKGFeatureTileGenerator.m in Sources */ = {isa = PBXBuildFile; fileRef = 04E0BC1E1B31BE4D00267E6A /* GPKGFeatureTileGenerator.m */; };
		04E0BC221B31BE6400267E6A /* GPKGFeatureTiles.m in Sources */ = {isa = PBXBuildFile; fileRef = 04E0BC211B31BE6400267E6A /* GPKGFeatureTiles.m */; };
		04E0BC261B33292900267E6A /* GPKGUrlTileGenerator.m in Sources */ = {isa = PBXBuildFile; fileRef = 04E0BC251B33292900267E6A /* GPKGUrlTileGenerator.m */; };
		04FE049B1B01556A00B9308E /* GPKGResultSet.m in Sources */ = {isa = PBXBuildFile; fileRef = 04FE049A1B01556A00B9308E /* GPKGResultSet.m */; };
		15B15FEE58FBD4F2C943E19D /* libPods.a in Frameworks */ = {isa = PBXBuildFile; fileRef = 5C8408C01A5F6F7C31644B10 /* libPods.a */; };
		9525C47203C05F929071FD3C /* libPods-geopackage-iosTests.a in Frameworks */ = {isa = PBXBuildFile; fileRef = C22BB4373B9A2112435A0363 /* libPods-geopackage-iosTests.a */; };
/* End PBXBuildFile section */

/* Begin PBXContainerItemProxy section */
		040136241AF92C9300C92AFC /* PBXContainerItemProxy */ = {
			isa = PBXContainerItemProxy;
			containerPortal = 0401360F1AF92C9300C92AFC /* Project object */;
			proxyType = 1;
			remoteGlobalIDString = 040136161AF92C9300C92AFC;
			remoteInfo = "geopackage-ios";
		};
/* End PBXContainerItemProxy section */

/* Begin PBXCopyFilesBuildPhase section */
		040136151AF92C9300C92AFC /* CopyFiles */ = {
			isa = PBXCopyFilesBuildPhase;
			buildActionMask = 2147483647;
			dstPath = "include/$(PRODUCT_NAME)";
			dstSubfolderSpec = 16;
			files = (
			);
			runOnlyForDeploymentPostprocessing = 0;
		};
/* End PBXCopyFilesBuildPhase section */

/* Begin PBXFileReference section */
		040136171AF92C9300C92AFC /* libgeopackage-ios.a */ = {isa = PBXFileReference; explicitFileType = archive.ar; includeInIndex = 0; path = "libgeopackage-ios.a"; sourceTree = BUILT_PRODUCTS_DIR; };
		040136221AF92C9300C92AFC /* geopackage-iosTests.xctest */ = {isa = PBXFileReference; explicitFileType = wrapper.cfbundle; includeInIndex = 0; path = "geopackage-iosTests.xctest"; sourceTree = BUILT_PRODUCTS_DIR; };
		040136281AF92C9300C92AFC /* Info.plist */ = {isa = PBXFileReference; lastKnownFileType = text.plist.xml; path = Info.plist; sourceTree = "<group>"; };
		040686591B024E2500A1FF7A /* GPKGColumnValue.h */ = {isa = PBXFileReference; fileEncoding = 4; lastKnownFileType = sourcecode.c.h; path = GPKGColumnValue.h; sourceTree = "<group>"; };
		0406865A1B024E2500A1FF7A /* GPKGColumnValue.m */ = {isa = PBXFileReference; fileEncoding = 4; lastKnownFileType = sourcecode.c.objc; path = GPKGColumnValue.m; sourceTree = "<group>"; };
		0406865F1B03BE4F00A1FF7A /* GPKGSqlLiteQueryBuilder.h */ = {isa = PBXFileReference; fileEncoding = 4; lastKnownFileType = sourcecode.c.h; path = GPKGSqlLiteQueryBuilder.h; sourceTree = "<group>"; };
		040686601B03BE4F00A1FF7A /* GPKGSqlLiteQueryBuilder.m */ = {isa = PBXFileReference; fileEncoding = 4; lastKnownFileType = sourcecode.c.objc; path = GPKGSqlLiteQueryBuilder.m; sourceTree = "<group>"; };
		040686621B04C75200A1FF7A /* GPKGSqlUtils.h */ = {isa = PBXFileReference; fileEncoding = 4; lastKnownFileType = sourcecode.c.h; path = GPKGSqlUtils.h; sourceTree = "<group>"; };
		040686631B04C75200A1FF7A /* GPKGSqlUtils.m */ = {isa = PBXFileReference; fileEncoding = 4; lastKnownFileType = sourcecode.c.objc; path = GPKGSqlUtils.m; sourceTree = "<group>"; };
		0406866B1B06566E00A1FF7A /* GPKGSpatialReferenceSystem.h */ = {isa = PBXFileReference; fileEncoding = 4; lastKnownFileType = sourcecode.c.h; path = GPKGSpatialReferenceSystem.h; sourceTree = "<group>"; };
		0406866C1B06566E00A1FF7A /* GPKGSpatialReferenceSystem.m */ = {isa = PBXFileReference; fileEncoding = 4; lastKnownFileType = sourcecode.c.objc; path = GPKGSpatialReferenceSystem.m; sourceTree = "<group>"; };
		0406866E1B06568800A1FF7A /* GPKGSpatialReferenceSystemDao.h */ = {isa = PBXFileReference; fileEncoding = 4; lastKnownFileType = sourcecode.c.h; path = GPKGSpatialReferenceSystemDao.h; sourceTree = "<group>"; };
		0406866F1B06568800A1FF7A /* GPKGSpatialReferenceSystemDao.m */ = {isa = PBXFileReference; fileEncoding = 4; lastKnownFileType = sourcecode.c.objc; path = GPKGSpatialReferenceSystemDao.m; sourceTree = "<group>"; };
		040686721B066B1000A1FF7A /* GPKGProjectionConstants.h */ = {isa = PBXFileReference; fileEncoding = 4; lastKnownFileType = sourcecode.c.h; path = GPKGProjectionConstants.h; sourceTree = "<group>"; };
		040686731B066B1000A1FF7A /* GPKGProjectionConstants.m */ = {isa = PBXFileReference; fileEncoding = 4; lastKnownFileType = sourcecode.c.objc; path = GPKGProjectionConstants.m; sourceTree = "<group>"; };
		040686751B0A128000A1FF7A /* GPKGContents.h */ = {isa = PBXFileReference; fileEncoding = 4; lastKnownFileType = sourcecode.c.h; path = GPKGContents.h; sourceTree = "<group>"; };
		040686761B0A128000A1FF7A /* GPKGContents.m */ = {isa = PBXFileReference; fileEncoding = 4; lastKnownFileType = sourcecode.c.objc; path = GPKGContents.m; sourceTree = "<group>"; };
		040686781B0A12A000A1FF7A /* GPKGContentsDao.h */ = {isa = PBXFileReference; fileEncoding = 4; lastKnownFileType = sourcecode.c.h; path = GPKGContentsDao.h; sourceTree = "<group>"; };
		040686791B0A12A000A1FF7A /* GPKGContentsDao.m */ = {isa = PBXFileReference; fileEncoding = 4; lastKnownFileType = sourcecode.c.objc; path = GPKGContentsDao.m; sourceTree = "<group>"; };
		0406867B1B0A56D900A1FF7A /* GPKGGeoPackageConstants.h */ = {isa = PBXFileReference; fileEncoding = 4; lastKnownFileType = sourcecode.c.h; path = GPKGGeoPackageConstants.h; sourceTree = "<group>"; };
		0406867C1B0A56D900A1FF7A /* GPKGGeoPackageConstants.m */ = {isa = PBXFileReference; fileEncoding = 4; lastKnownFileType = sourcecode.c.objc; path = GPKGGeoPackageConstants.m; sourceTree = "<group>"; };
		040686821B0A7D9E00A1FF7A /* GPKGTileMatrixSet.h */ = {isa = PBXFileReference; fileEncoding = 4; lastKnownFileType = sourcecode.c.h; path = GPKGTileMatrixSet.h; sourceTree = "<group>"; };
		040686831B0A7D9E00A1FF7A /* GPKGTileMatrixSet.m */ = {isa = PBXFileReference; fileEncoding = 4; lastKnownFileType = sourcecode.c.objc; path = GPKGTileMatrixSet.m; sourceTree = "<group>"; };
		040686851B0A7DC100A1FF7A /* GPKGTileMatrixSetDao.h */ = {isa = PBXFileReference; fileEncoding = 4; lastKnownFileType = sourcecode.c.h; path = GPKGTileMatrixSetDao.h; sourceTree = "<group>"; };
		040686861B0A7DC100A1FF7A /* GPKGTileMatrixSetDao.m */ = {isa = PBXFileReference; fileEncoding = 4; lastKnownFileType = sourcecode.c.objc; path = GPKGTileMatrixSetDao.m; sourceTree = "<group>"; };
		040686881B0A859F00A1FF7A /* GPKGBoundingBox.h */ = {isa = PBXFileReference; fileEncoding = 4; lastKnownFileType = sourcecode.c.h; path = GPKGBoundingBox.h; sourceTree = "<group>"; };
		040686891B0A859F00A1FF7A /* GPKGBoundingBox.m */ = {isa = PBXFileReference; fileEncoding = 4; lastKnownFileType = sourcecode.c.objc; path = GPKGBoundingBox.m; sourceTree = "<group>"; };
		0406868B1B0B70C700A1FF7A /* GPKGTileMatrix.h */ = {isa = PBXFileReference; fileEncoding = 4; lastKnownFileType = sourcecode.c.h; path = GPKGTileMatrix.h; sourceTree = "<group>"; };
		0406868C1B0B70C700A1FF7A /* GPKGTileMatrix.m */ = {isa = PBXFileReference; fileEncoding = 4; lastKnownFileType = sourcecode.c.objc; path = GPKGTileMatrix.m; sourceTree = "<group>"; };
		0406868E1B0B70EC00A1FF7A /* GPKGTileMatrixDao.h */ = {isa = PBXFileReference; fileEncoding = 4; lastKnownFileType = sourcecode.c.h; path = GPKGTileMatrixDao.h; sourceTree = "<group>"; };
		0406868F1B0B70EC00A1FF7A /* GPKGTileMatrixDao.m */ = {isa = PBXFileReference; fileEncoding = 4; lastKnownFileType = sourcecode.c.objc; path = GPKGTileMatrixDao.m; sourceTree = "<group>"; };
		040686941B0B8F8800A1FF7A /* GPKGDataColumnsDao.h */ = {isa = PBXFileReference; fileEncoding = 4; lastKnownFileType = sourcecode.c.h; path = GPKGDataColumnsDao.h; sourceTree = "<group>"; };
		040686951B0B8F8800A1FF7A /* GPKGDataColumnsDao.m */ = {isa = PBXFileReference; fileEncoding = 4; lastKnownFileType = sourcecode.c.objc; path = GPKGDataColumnsDao.m; sourceTree = "<group>"; };
		040686971B0B8F9E00A1FF7A /* GPKGDataColumns.h */ = {isa = PBXFileReference; fileEncoding = 4; lastKnownFileType = sourcecode.c.h; path = GPKGDataColumns.h; sourceTree = "<group>"; };
		040686981B0B8F9E00A1FF7A /* GPKGDataColumns.m */ = {isa = PBXFileReference; fileEncoding = 4; lastKnownFileType = sourcecode.c.objc; path = GPKGDataColumns.m; sourceTree = "<group>"; };
		0406869A1B0B9C8000A1FF7A /* GPKGDataColumnConstraints.h */ = {isa = PBXFileReference; fileEncoding = 4; lastKnownFileType = sourcecode.c.h; path = GPKGDataColumnConstraints.h; sourceTree = "<group>"; };
		0406869B1B0B9C8000A1FF7A /* GPKGDataColumnConstraints.m */ = {isa = PBXFileReference; fileEncoding = 4; lastKnownFileType = sourcecode.c.objc; path = GPKGDataColumnConstraints.m; sourceTree = "<group>"; };
		0406869D1B0B9C9F00A1FF7A /* GPKGDataColumnConstraintsDao.h */ = {isa = PBXFileReference; fileEncoding = 4; lastKnownFileType = sourcecode.c.h; path = GPKGDataColumnConstraintsDao.h; sourceTree = "<group>"; };
		0406869E1B0B9C9F00A1FF7A /* GPKGDataColumnConstraintsDao.m */ = {isa = PBXFileReference; fileEncoding = 4; lastKnownFileType = sourcecode.c.objc; path = GPKGDataColumnConstraintsDao.m; sourceTree = "<group>"; };
		040686A11B0BD78B00A1FF7A /* GPKGMetadataDao.h */ = {isa = PBXFileReference; fileEncoding = 4; lastKnownFileType = sourcecode.c.h; path = GPKGMetadataDao.h; sourceTree = "<group>"; };
		040686A21B0BD78B00A1FF7A /* GPKGMetadataDao.m */ = {isa = PBXFileReference; fileEncoding = 4; lastKnownFileType = sourcecode.c.objc; path = GPKGMetadataDao.m; sourceTree = "<group>"; };
		040686A41B0BD7A000A1FF7A /* GPKGMetadata.h */ = {isa = PBXFileReference; fileEncoding = 4; lastKnownFileType = sourcecode.c.h; path = GPKGMetadata.h; sourceTree = "<group>"; };
		040686A51B0BD7A000A1FF7A /* GPKGMetadata.m */ = {isa = PBXFileReference; fileEncoding = 4; lastKnownFileType = sourcecode.c.objc; path = GPKGMetadata.m; sourceTree = "<group>"; };
		040686A71B0BE8D600A1FF7A /* GPKGMetadataScope.h */ = {isa = PBXFileReference; fileEncoding = 4; lastKnownFileType = sourcecode.c.h; path = GPKGMetadataScope.h; sourceTree = "<group>"; };
		040686A81B0BE8D600A1FF7A /* GPKGMetadataScope.m */ = {isa = PBXFileReference; fileEncoding = 4; lastKnownFileType = sourcecode.c.objc; path = GPKGMetadataScope.m; sourceTree = "<group>"; };
		040686AB1B0BEF2400A1FF7A /* GPKGMetadataReference.h */ = {isa = PBXFileReference; fileEncoding = 4; lastKnownFileType = sourcecode.c.h; path = GPKGMetadataReference.h; sourceTree = "<group>"; };
		040686AC1B0BEF2400A1FF7A /* GPKGMetadataReference.m */ = {isa = PBXFileReference; fileEncoding = 4; lastKnownFileType = sourcecode.c.objc; path = GPKGMetadataReference.m; sourceTree = "<group>"; };
		040686AE1B0BEF3900A1FF7A /* GPKGMetadataReferenceDao.h */ = {isa = PBXFileReference; fileEncoding = 4; lastKnownFileType = sourcecode.c.h; path = GPKGMetadataReferenceDao.h; sourceTree = "<group>"; };
		040686AF1B0BEF3900A1FF7A /* GPKGMetadataReferenceDao.m */ = {isa = PBXFileReference; fileEncoding = 4; lastKnownFileType = sourcecode.c.objc; path = GPKGMetadataReferenceDao.m; sourceTree = "<group>"; };
		040686B21B0CC2F900A1FF7A /* GPKGExtensions.h */ = {isa = PBXFileReference; fileEncoding = 4; lastKnownFileType = sourcecode.c.h; path = GPKGExtensions.h; sourceTree = "<group>"; };
		040686B31B0CC2FA00A1FF7A /* GPKGExtensions.m */ = {isa = PBXFileReference; fileEncoding = 4; lastKnownFileType = sourcecode.c.objc; path = GPKGExtensions.m; sourceTree = "<group>"; };
		040686B51B0CC31500A1FF7A /* GPKGExtensionsDao.h */ = {isa = PBXFileReference; fileEncoding = 4; lastKnownFileType = sourcecode.c.h; path = GPKGExtensionsDao.h; sourceTree = "<group>"; };
		040686B61B0CC31500A1FF7A /* GPKGExtensionsDao.m */ = {isa = PBXFileReference; fileEncoding = 4; lastKnownFileType = sourcecode.c.objc; path = GPKGExtensionsDao.m; sourceTree = "<group>"; };
		040686B81B0CD60100A1FF7A /* GPKGTableCreator.h */ = {isa = PBXFileReference; fileEncoding = 4; lastKnownFileType = sourcecode.c.h; path = GPKGTableCreator.h; sourceTree = "<group>"; };
		040686B91B0CD60100A1FF7A /* GPKGTableCreator.m */ = {isa = PBXFileReference; fileEncoding = 4; lastKnownFileType = sourcecode.c.objc; path = GPKGTableCreator.m; sourceTree = "<group>"; };
		040686BD1B0CD7C400A1FF7A /* GPKGGeometryData.h */ = {isa = PBXFileReference; fileEncoding = 4; lastKnownFileType = sourcecode.c.h; path = GPKGGeometryData.h; sourceTree = "<group>"; };
		040686BE1B0CD7C400A1FF7A /* GPKGGeometryData.m */ = {isa = PBXFileReference; fileEncoding = 4; lastKnownFileType = sourcecode.c.objc; path = GPKGGeometryData.m; sourceTree = "<group>"; };
		040686C11B0D08A900A1FF7A /* GPKGUserDao.h */ = {isa = PBXFileReference; fileEncoding = 4; lastKnownFileType = sourcecode.c.h; path = GPKGUserDao.h; sourceTree = "<group>"; };
		040686C21B0D08A900A1FF7A /* GPKGUserDao.m */ = {isa = PBXFileReference; fileEncoding = 4; lastKnownFileType = sourcecode.c.objc; path = GPKGUserDao.m; sourceTree = "<group>"; };
		040686C41B0D0EF800A1FF7A /* GPKGUserTable.h */ = {isa = PBXFileReference; fileEncoding = 4; lastKnownFileType = sourcecode.c.h; path = GPKGUserTable.h; sourceTree = "<group>"; };
		040686C51B0D0EF800A1FF7A /* GPKGUserTable.m */ = {isa = PBXFileReference; fileEncoding = 4; lastKnownFileType = sourcecode.c.objc; path = GPKGUserTable.m; sourceTree = "<group>"; };
		040686C71B0D0F1800A1FF7A /* GPKGUserColumn.h */ = {isa = PBXFileReference; fileEncoding = 4; lastKnownFileType = sourcecode.c.h; path = GPKGUserColumn.h; sourceTree = "<group>"; };
		040686C81B0D0F1800A1FF7A /* GPKGUserColumn.m */ = {isa = PBXFileReference; fileEncoding = 4; lastKnownFileType = sourcecode.c.objc; path = GPKGUserColumn.m; sourceTree = "<group>"; };
		040686CA1B0D0F5A00A1FF7A /* GPKGUserUniqueConstraint.h */ = {isa = PBXFileReference; fileEncoding = 4; lastKnownFileType = sourcecode.c.h; path = GPKGUserUniqueConstraint.h; sourceTree = "<group>"; };
		040686CB1B0D0F5A00A1FF7A /* GPKGUserUniqueConstraint.m */ = {isa = PBXFileReference; fileEncoding = 4; lastKnownFileType = sourcecode.c.objc; path = GPKGUserUniqueConstraint.m; sourceTree = "<group>"; };
		040686CD1B0D1E6100A1FF7A /* GPKGUserRow.h */ = {isa = PBXFileReference; fileEncoding = 4; lastKnownFileType = sourcecode.c.h; path = GPKGUserRow.h; sourceTree = "<group>"; };
		040686CE1B0D1E6100A1FF7A /* GPKGUserRow.m */ = {isa = PBXFileReference; fileEncoding = 4; lastKnownFileType = sourcecode.c.objc; path = GPKGUserRow.m; sourceTree = "<group>"; };
		040686D01B0D2E2000A1FF7A /* GPKGDataTypes.h */ = {isa = PBXFileReference; fileEncoding = 4; lastKnownFileType = sourcecode.c.h; path = GPKGDataTypes.h; sourceTree = "<group>"; };
		040686D11B0D2E2000A1FF7A /* GPKGDataTypes.m */ = {isa = PBXFileReference; fileEncoding = 4; lastKnownFileType = sourcecode.c.objc; path = GPKGDataTypes.m; sourceTree = "<group>"; };
		040686D31B0E7EAF00A1FF7A /* GPKGFeatureDao.h */ = {isa = PBXFileReference; fileEncoding = 4; lastKnownFileType = sourcecode.c.h; path = GPKGFeatureDao.h; sourceTree = "<group>"; };
		040686D41B0E7EAF00A1FF7A /* GPKGFeatureDao.m */ = {isa = PBXFileReference; fileEncoding = 4; lastKnownFileType = sourcecode.c.objc; path = GPKGFeatureDao.m; sourceTree = "<group>"; };
		040686D61B0E870800A1FF7A /* GPKGProjection.h */ = {isa = PBXFileReference; fileEncoding = 4; lastKnownFileType = sourcecode.c.h; path = GPKGProjection.h; sourceTree = "<group>"; };
		040686D71B0E870800A1FF7A /* GPKGProjection.m */ = {isa = PBXFileReference; fileEncoding = 4; lastKnownFileType = sourcecode.c.objc; path = GPKGProjection.m; sourceTree = "<group>"; };
		040686D91B0E8F7700A1FF7A /* GPKGProjectionTransform.h */ = {isa = PBXFileReference; fileEncoding = 4; lastKnownFileType = sourcecode.c.h; path = GPKGProjectionTransform.h; sourceTree = "<group>"; };
		040686DA1B0E8F7700A1FF7A /* GPKGProjectionTransform.m */ = {isa = PBXFileReference; fileEncoding = 4; lastKnownFileType = sourcecode.c.objc; path = GPKGProjectionTransform.m; sourceTree = "<group>"; };
		040686DC1B0E91DD00A1FF7A /* GPKGProjectionFactory.h */ = {isa = PBXFileReference; fileEncoding = 4; lastKnownFileType = sourcecode.c.h; path = GPKGProjectionFactory.h; sourceTree = "<group>"; };
		040686DD1B0E91DD00A1FF7A /* GPKGProjectionFactory.m */ = {isa = PBXFileReference; fileEncoding = 4; lastKnownFileType = sourcecode.c.objc; path = GPKGProjectionFactory.m; sourceTree = "<group>"; };
		040686DF1B14C8F200A1FF7A /* GPKGFeatureRow.h */ = {isa = PBXFileReference; fileEncoding = 4; lastKnownFileType = sourcecode.c.h; path = GPKGFeatureRow.h; sourceTree = "<group>"; };
		040686E01B14C8F200A1FF7A /* GPKGFeatureRow.m */ = {isa = PBXFileReference; fileEncoding = 4; lastKnownFileType = sourcecode.c.objc; path = GPKGFeatureRow.m; sourceTree = "<group>"; };
		040686E21B14CCE000A1FF7A /* GPKGFeatureTable.h */ = {isa = PBXFileReference; fileEncoding = 4; lastKnownFileType = sourcecode.c.h; path = GPKGFeatureTable.h; sourceTree = "<group>"; };
		040686E31B14CCE000A1FF7A /* GPKGFeatureTable.m */ = {isa = PBXFileReference; fileEncoding = 4; lastKnownFileType = sourcecode.c.objc; path = GPKGFeatureTable.m; sourceTree = "<group>"; };
		040686E51B14CCFA00A1FF7A /* GPKGFeatureColumn.h */ = {isa = PBXFileReference; fileEncoding = 4; lastKnownFileType = sourcecode.c.h; path = GPKGFeatureColumn.h; sourceTree = "<group>"; };
		040686E61B14CCFA00A1FF7A /* GPKGFeatureColumn.m */ = {isa = PBXFileReference; fileEncoding = 4; lastKnownFileType = sourcecode.c.objc; path = GPKGFeatureColumn.m; sourceTree = "<group>"; };
		043AEBB31B29EBFE0079D457 /* GPKGIOUtils.h */ = {isa = PBXFileReference; fileEncoding = 4; lastKnownFileType = sourcecode.c.h; path = GPKGIOUtils.h; sourceTree = "<group>"; };
		043AEBB41B29EBFE0079D457 /* GPKGIOUtils.m */ = {isa = PBXFileReference; fileEncoding = 4; lastKnownFileType = sourcecode.c.objc; path = GPKGIOUtils.m; sourceTree = "<group>"; };
		044FA5221B275C3500E09D30 /* GPKGBaseTestCase.h */ = {isa = PBXFileReference; fileEncoding = 4; lastKnownFileType = sourcecode.c.h; path = GPKGBaseTestCase.h; sourceTree = "<group>"; };
		044FA5231B275C3500E09D30 /* GPKGBaseTestCase.m */ = {isa = PBXFileReference; fileEncoding = 4; lastKnownFileType = sourcecode.c.objc; path = GPKGBaseTestCase.m; sourceTree = "<group>"; };
		044FA5241B275C3500E09D30 /* GPKGGeoPackageTestCase.h */ = {isa = PBXFileReference; fileEncoding = 4; lastKnownFileType = sourcecode.c.h; path = GPKGGeoPackageTestCase.h; sourceTree = "<group>"; };
		044FA5251B275C3500E09D30 /* GPKGGeoPackageTestCase.m */ = {isa = PBXFileReference; fileEncoding = 4; lastKnownFileType = sourcecode.c.objc; path = GPKGGeoPackageTestCase.m; sourceTree = "<group>"; };
		044FA52E1B276CE800E09D30 /* GPKGCreateGeoPackageTestCase.h */ = {isa = PBXFileReference; fileEncoding = 4; lastKnownFileType = sourcecode.c.h; path = GPKGCreateGeoPackageTestCase.h; sourceTree = "<group>"; };
		044FA52F1B276CE800E09D30 /* GPKGCreateGeoPackageTestCase.m */ = {isa = PBXFileReference; fileEncoding = 4; lastKnownFileType = sourcecode.c.objc; path = GPKGCreateGeoPackageTestCase.m; sourceTree = "<group>"; };
		044FA5311B276D8700E09D30 /* GPKGTestSetupTeardown.h */ = {isa = PBXFileReference; fileEncoding = 4; lastKnownFileType = sourcecode.c.h; path = GPKGTestSetupTeardown.h; sourceTree = "<group>"; };
		044FA5321B276D8700E09D30 /* GPKGTestSetupTeardown.m */ = {isa = PBXFileReference; fileEncoding = 4; lastKnownFileType = sourcecode.c.objc; path = GPKGTestSetupTeardown.m; sourceTree = "<group>"; };
		044FA5371B2771FF00E09D30 /* GPKGTestConstants.h */ = {isa = PBXFileReference; fileEncoding = 4; lastKnownFileType = sourcecode.c.h; path = GPKGTestConstants.h; sourceTree = "<group>"; };
		044FA5381B2771FF00E09D30 /* GPKGTestConstants.m */ = {isa = PBXFileReference; fileEncoding = 4; lastKnownFileType = sourcecode.c.objc; path = GPKGTestConstants.m; sourceTree = "<group>"; };
		044FA53A1B277A5800E09D30 /* GPKGImportGeoPackageTestCase.h */ = {isa = PBXFileReference; fileEncoding = 4; lastKnownFileType = sourcecode.c.h; path = GPKGImportGeoPackageTestCase.h; sourceTree = "<group>"; };
		044FA53B1B277A5800E09D30 /* GPKGImportGeoPackageTestCase.m */ = {isa = PBXFileReference; fileEncoding = 4; lastKnownFileType = sourcecode.c.objc; path = GPKGImportGeoPackageTestCase.m; sourceTree = "<group>"; };
		044FA53D1B277D8500E09D30 /* import_db.gpkg */ = {isa = PBXFileReference; lastKnownFileType = file; path = import_db.gpkg; sourceTree = "<group>"; };
		044FA5411B278EC100E09D30 /* GPKGGeoPackageGeometryDataUtils.h */ = {isa = PBXFileReference; fileEncoding = 4; lastKnownFileType = sourcecode.c.h; path = GPKGGeoPackageGeometryDataUtils.h; sourceTree = "<group>"; };
		044FA5421B278EC100E09D30 /* GPKGGeoPackageGeometryDataUtils.m */ = {isa = PBXFileReference; fileEncoding = 4; lastKnownFileType = sourcecode.c.objc; path = GPKGGeoPackageGeometryDataUtils.m; sourceTree = "<group>"; };
		044FA5441B278EEF00E09D30 /* GPKGGeoPackageGeometryDataImportTest.h */ = {isa = PBXFileReference; fileEncoding = 4; lastKnownFileType = sourcecode.c.h; path = GPKGGeoPackageGeometryDataImportTest.h; sourceTree = "<group>"; };
		044FA5451B278EEF00E09D30 /* GPKGGeoPackageGeometryDataImportTest.m */ = {isa = PBXFileReference; fileEncoding = 4; lastKnownFileType = sourcecode.c.objc; path = GPKGGeoPackageGeometryDataImportTest.m; sourceTree = "<group>"; };
		044FA5471B28C61600E09D30 /* GPKGGeoPackageGeometryDataCreateTest.h */ = {isa = PBXFileReference; fileEncoding = 4; lastKnownFileType = sourcecode.c.h; path = GPKGGeoPackageGeometryDataCreateTest.h; sourceTree = "<group>"; };
		044FA5481B28C61600E09D30 /* GPKGGeoPackageGeometryDataCreateTest.m */ = {isa = PBXFileReference; fileEncoding = 4; lastKnownFileType = sourcecode.c.objc; path = GPKGGeoPackageGeometryDataCreateTest.m; sourceTree = "<group>"; };
		048C21201AFB99D300EBC38B /* libsqlite3.dylib */ = {isa = PBXFileReference; lastKnownFileType = "compiled.mach-o.dylib"; name = libsqlite3.dylib; path = usr/lib/libsqlite3.dylib; sourceTree = SDKROOT; };
		048C21261AFBA5B300EBC38B /* GPKGConnection.h */ = {isa = PBXFileReference; fileEncoding = 4; lastKnownFileType = sourcecode.c.h; path = GPKGConnection.h; sourceTree = "<group>"; };
		048C21271AFBA5B300EBC38B /* GPKGConnection.m */ = {isa = PBXFileReference; fileEncoding = 4; lastKnownFileType = sourcecode.c.objc; path = GPKGConnection.m; sourceTree = "<group>"; };
		0499A7651B1CDA8600C161DD /* GPKGGeometryExtensions.h */ = {isa = PBXFileReference; fileEncoding = 4; lastKnownFileType = sourcecode.c.h; path = GPKGGeometryExtensions.h; sourceTree = "<group>"; };
		0499A7661B1CDA8600C161DD /* GPKGGeometryExtensions.m */ = {isa = PBXFileReference; fileEncoding = 4; lastKnownFileType = sourcecode.c.objc; path = GPKGGeometryExtensions.m; sourceTree = "<group>"; };
		0499A7A71B1F380800C161DD /* GPKGContentValues.h */ = {isa = PBXFileReference; fileEncoding = 4; lastKnownFileType = sourcecode.c.h; path = GPKGContentValues.h; sourceTree = "<group>"; };
		0499A7A81B1F380800C161DD /* GPKGContentValues.m */ = {isa = PBXFileReference; fileEncoding = 4; lastKnownFileType = sourcecode.c.objc; path = GPKGContentValues.m; sourceTree = "<group>"; };
		0499A7AA1B207EBB00C161DD /* GPKGColumnValues.h */ = {isa = PBXFileReference; fileEncoding = 4; lastKnownFileType = sourcecode.c.h; path = GPKGColumnValues.h; sourceTree = "<group>"; };
		0499A7AB1B207EBB00C161DD /* GPKGColumnValues.m */ = {isa = PBXFileReference; fileEncoding = 4; lastKnownFileType = sourcecode.c.objc; path = GPKGColumnValues.m; sourceTree = "<group>"; };
		0499A7AD1B21CC8700C161DD /* tables.plist */ = {isa = PBXFileReference; fileEncoding = 4; lastKnownFileType = text.plist.xml; path = tables.plist; sourceTree = "<group>"; };
		0499A7AE1B220D4000C161DD /* GPKGTileDao.h */ = {isa = PBXFileReference; fileEncoding = 4; lastKnownFileType = sourcecode.c.h; path = GPKGTileDao.h; sourceTree = "<group>"; };
		0499A7AF1B220D4000C161DD /* GPKGTileDao.m */ = {isa = PBXFileReference; fileEncoding = 4; lastKnownFileType = sourcecode.c.objc; path = GPKGTileDao.m; sourceTree = "<group>"; };
		0499A7B11B220D5A00C161DD /* GPKGTileRow.h */ = {isa = PBXFileReference; fileEncoding = 4; lastKnownFileType = sourcecode.c.h; path = GPKGTileRow.h; sourceTree = "<group>"; };
		0499A7B21B220D5A00C161DD /* GPKGTileRow.m */ = {isa = PBXFileReference; fileEncoding = 4; lastKnownFileType = sourcecode.c.objc; path = GPKGTileRow.m; sourceTree = "<group>"; };
		0499A7B41B220D7B00C161DD /* GPKGTileTable.h */ = {isa = PBXFileReference; fileEncoding = 4; lastKnownFileType = sourcecode.c.h; path = GPKGTileTable.h; sourceTree = "<group>"; };
		0499A7B51B220D7B00C161DD /* GPKGTileTable.m */ = {isa = PBXFileReference; fileEncoding = 4; lastKnownFileType = sourcecode.c.objc; path = GPKGTileTable.m; sourceTree = "<group>"; };
		0499A7B71B220D9100C161DD /* GPKGTileColumn.h */ = {isa = PBXFileReference; fileEncoding = 4; lastKnownFileType = sourcecode.c.h; path = GPKGTileColumn.h; sourceTree = "<group>"; };
		0499A7B81B220D9100C161DD /* GPKGTileColumn.m */ = {isa = PBXFileReference; fileEncoding = 4; lastKnownFileType = sourcecode.c.objc; path = GPKGTileColumn.m; sourceTree = "<group>"; };
		0499A7BA1B220DA900C161DD /* GPKGTileTableReader.h */ = {isa = PBXFileReference; fileEncoding = 4; lastKnownFileType = sourcecode.c.h; path = GPKGTileTableReader.h; sourceTree = "<group>"; };
		0499A7BB1B220DA900C161DD /* GPKGTileTableReader.m */ = {isa = PBXFileReference; fileEncoding = 4; lastKnownFileType = sourcecode.c.objc; path = GPKGTileTableReader.m; sourceTree = "<group>"; };
		0499A7BD1B25D18F00C161DD /* GPKGTileBoundingBoxUtils.h */ = {isa = PBXFileReference; fileEncoding = 4; lastKnownFileType = sourcecode.c.h; path = GPKGTileBoundingBoxUtils.h; sourceTree = "<group>"; };
		0499A7BE1B25D18F00C161DD /* GPKGTileBoundingBoxUtils.m */ = {isa = PBXFileReference; fileEncoding = 4; lastKnownFileType = sourcecode.c.objc; path = GPKGTileBoundingBoxUtils.m; sourceTree = "<group>"; };
		0499A7C01B25D19E00C161DD /* GPKGTileGrid.h */ = {isa = PBXFileReference; fileEncoding = 4; lastKnownFileType = sourcecode.c.h; path = GPKGTileGrid.h; sourceTree = "<group>"; };
		0499A7C11B25D19E00C161DD /* GPKGTileGrid.m */ = {isa = PBXFileReference; fileEncoding = 4; lastKnownFileType = sourcecode.c.objc; path = GPKGTileGrid.m; sourceTree = "<group>"; };
		0499A7C31B25EA9D00C161DD /* GPKGTileDaoUtils.h */ = {isa = PBXFileReference; fileEncoding = 4; lastKnownFileType = sourcecode.c.h; path = GPKGTileDaoUtils.h; sourceTree = "<group>"; };
		0499A7C41B25EA9D00C161DD /* GPKGTileDaoUtils.m */ = {isa = PBXFileReference; fileEncoding = 4; lastKnownFileType = sourcecode.c.objc; path = GPKGTileDaoUtils.m; sourceTree = "<group>"; };
		0499A7C71B271EC300C161DD /* GPKGGeoPackageValidate.h */ = {isa = PBXFileReference; fileEncoding = 4; lastKnownFileType = sourcecode.c.h; path = GPKGGeoPackageValidate.h; sourceTree = "<group>"; };
		0499A7C81B271EC300C161DD /* GPKGGeoPackageValidate.m */ = {isa = PBXFileReference; fileEncoding = 4; lastKnownFileType = sourcecode.c.objc; path = GPKGGeoPackageValidate.m; sourceTree = "<group>"; };
		0499E6191AFD22D600431FCF /* GPKGGeoPackage.h */ = {isa = PBXFileReference; fileEncoding = 4; lastKnownFileType = sourcecode.c.h; path = GPKGGeoPackage.h; sourceTree = "<group>"; };
		0499E61A1AFD22D700431FCF /* GPKGGeoPackage.m */ = {isa = PBXFileReference; fileEncoding = 4; lastKnownFileType = sourcecode.c.objc; path = GPKGGeoPackage.m; sourceTree = "<group>"; };
		0499E61D1AFD2CBC00431FCF /* GPKGGeoPackageManager.h */ = {isa = PBXFileReference; fileEncoding = 4; lastKnownFileType = sourcecode.c.h; path = GPKGGeoPackageManager.h; sourceTree = "<group>"; };
		0499E61E1AFD2CBC00431FCF /* GPKGGeoPackageManager.m */ = {isa = PBXFileReference; fileEncoding = 4; lastKnownFileType = sourcecode.c.objc; path = GPKGGeoPackageManager.m; sourceTree = "<group>"; };
		0499E6201AFD330200431FCF /* GPKGGeoPackageFactory.h */ = {isa = PBXFileReference; fileEncoding = 4; lastKnownFileType = sourcecode.c.h; path = GPKGGeoPackageFactory.h; sourceTree = "<group>"; };
		0499E6211AFD330200431FCF /* GPKGGeoPackageFactory.m */ = {isa = PBXFileReference; fileEncoding = 4; lastKnownFileType = sourcecode.c.objc; path = GPKGGeoPackageFactory.m; sourceTree = "<group>"; };
		0499E6251AFD441C00431FCF /* GPKGGeometryColumns.h */ = {isa = PBXFileReference; fileEncoding = 4; lastKnownFileType = sourcecode.c.h; path = GPKGGeometryColumns.h; sourceTree = "<group>"; };
		0499E6261AFD441C00431FCF /* GPKGGeometryColumns.m */ = {isa = PBXFileReference; fileEncoding = 4; lastKnownFileType = sourcecode.c.objc; path = GPKGGeometryColumns.m; sourceTree = "<group>"; };
		0499E6281AFD443600431FCF /* GPKGGeometryColumnsDao.h */ = {isa = PBXFileReference; fileEncoding = 4; lastKnownFileType = sourcecode.c.h; path = GPKGGeometryColumnsDao.h; sourceTree = "<group>"; };
		0499E6291AFD443600431FCF /* GPKGGeometryColumnsDao.m */ = {isa = PBXFileReference; fileEncoding = 4; lastKnownFileType = sourcecode.c.objc; path = GPKGGeometryColumnsDao.m; sourceTree = "<group>"; };
		0499E62C1AFD4CC100431FCF /* GPKGBaseDao.h */ = {isa = PBXFileReference; fileEncoding = 4; lastKnownFileType = sourcecode.c.h; path = GPKGBaseDao.h; sourceTree = "<group>"; };
		0499E62D1AFD4CC100431FCF /* GPKGBaseDao.m */ = {isa = PBXFileReference; fileEncoding = 4; lastKnownFileType = sourcecode.c.objc; path = GPKGBaseDao.m; sourceTree = "<group>"; };
		04A1D8DD1B1616320006674B /* GPKGUserTableReader.h */ = {isa = PBXFileReference; fileEncoding = 4; lastKnownFileType = sourcecode.c.h; path = GPKGUserTableReader.h; sourceTree = "<group>"; };
		04A1D8DE1B1616320006674B /* GPKGUserTableReader.m */ = {isa = PBXFileReference; fileEncoding = 4; lastKnownFileType = sourcecode.c.objc; path = GPKGUserTableReader.m; sourceTree = "<group>"; };
		04A1D8E01B16179E0006674B /* GPKGFeatureTableReader.h */ = {isa = PBXFileReference; fileEncoding = 4; lastKnownFileType = sourcecode.c.h; path = GPKGFeatureTableReader.h; sourceTree = "<group>"; };
		04A1D8E11B16179E0006674B /* GPKGFeatureTableReader.m */ = {isa = PBXFileReference; fileEncoding = 4; lastKnownFileType = sourcecode.c.objc; path = GPKGFeatureTableReader.m; sourceTree = "<group>"; };
		04A1D8E31B173FC20006674B /* GPKGUtils.h */ = {isa = PBXFileReference; fileEncoding = 4; lastKnownFileType = sourcecode.c.h; path = GPKGUtils.h; sourceTree = "<group>"; };
		04A1D8E41B173FC20006674B /* GPKGUtils.m */ = {isa = PBXFileReference; fileEncoding = 4; lastKnownFileType = sourcecode.c.objc; path = GPKGUtils.m; sourceTree = "<group>"; };
		04CF0DA41B29F97500021F6D /* GPKGProperties.h */ = {isa = PBXFileReference; fileEncoding = 4; lastKnownFileType = sourcecode.c.h; path = GPKGProperties.h; sourceTree = "<group>"; };
		04CF0DA51B29F97500021F6D /* GPKGProperties.m */ = {isa = PBXFileReference; fileEncoding = 4; lastKnownFileType = sourcecode.c.objc; path = GPKGProperties.m; sourceTree = "<group>"; };
		04CF0DA71B29F98500021F6D /* GPKGPropertyConstants.h */ = {isa = PBXFileReference; fileEncoding = 4; lastKnownFileType = sourcecode.c.h; path = GPKGPropertyConstants.h; sourceTree = "<group>"; };
		04CF0DA81B29F98500021F6D /* GPKGPropertyConstants.m */ = {isa = PBXFileReference; fileEncoding = 4; lastKnownFileType = sourcecode.c.objc; path = GPKGPropertyConstants.m; sourceTree = "<group>"; };
		04CF0DAA1B2A04C500021F6D /* geopackage.plist */ = {isa = PBXFileReference; fileEncoding = 4; lastKnownFileType = text.plist.xml; path = geopackage.plist; sourceTree = "<group>"; };
		04E0BC021B2B42AF00267E6A /* GPKGTestUtils.h */ = {isa = PBXFileReference; fileEncoding = 4; lastKnownFileType = sourcecode.c.h; path = GPKGTestUtils.h; sourceTree = "<group>"; };
		04E0BC031B2B42AF00267E6A /* GPKGTestUtils.m */ = {isa = PBXFileReference; fileEncoding = 4; lastKnownFileType = sourcecode.c.objc; path = GPKGTestUtils.m; sourceTree = "<group>"; };
		04E0BC051B30B82800267E6A /* CoreGraphics.framework */ = {isa = PBXFileReference; lastKnownFileType = wrapper.framework; name = CoreGraphics.framework; path = System/Library/Frameworks/CoreGraphics.framework; sourceTree = SDKROOT; };
		04E0BC071B30B83400267E6A /* UIKit.framework */ = {isa = PBXFileReference; lastKnownFileType = wrapper.framework; name = UIKit.framework; path = System/Library/Frameworks/UIKit.framework; sourceTree = SDKROOT; };
		04E0BC091B30B99800267E6A /* tile.png */ = {isa = PBXFileReference; lastKnownFileType = image.png; path = tile.png; sourceTree = "<group>"; };
		04E0BC0B1B30B9BF00267E6A /* import_db_corrupt.gpkg */ = {isa = PBXFileReference; lastKnownFileType = file; path = import_db_corrupt.gpkg; sourceTree = "<group>"; };
		04E0BC0D1B30C8B300267E6A /* GPKGImageConverter.h */ = {isa = PBXFileReference; fileEncoding = 4; lastKnownFileType = sourcecode.c.h; path = GPKGImageConverter.h; sourceTree = "<group>"; };
		04E0BC0E1B30C8B300267E6A /* GPKGImageConverter.m */ = {isa = PBXFileReference; fileEncoding = 4; lastKnownFileType = sourcecode.c.objc; path = GPKGImageConverter.m; sourceTree = "<group>"; };
		04E0BC131B319E8700267E6A /* GPKGCompressFormats.h */ = {isa = PBXFileReference; fileEncoding = 4; lastKnownFileType = sourcecode.c.h; path = GPKGCompressFormats.h; sourceTree = "<group>"; };
		04E0BC141B319E8700267E6A /* GPKGCompressFormats.m */ = {isa = PBXFileReference; fileEncoding = 4; lastKnownFileType = sourcecode.c.objc; path = GPKGCompressFormats.m; sourceTree = "<group>"; };
		04E0BC161B31BD4200267E6A /* GPKGTileGenerator.h */ = {isa = PBXFileReference; fileEncoding = 4; lastKnownFileType = sourcecode.c.h; path = GPKGTileGenerator.h; sourceTree = "<group>"; };
		04E0BC171B31BD4200267E6A /* GPKGTileGenerator.m */ = {isa = PBXFileReference; fileEncoding = 4; lastKnownFileType = sourcecode.c.objc; path = GPKGTileGenerator.m; sourceTree = "<group>"; };
		04E0BC1D1B31BE4D00267E6A /* GPKGFeatureTileGenerator.h */ = {isa = PBXFileReference; fileEncoding = 4; lastKnownFileType = sourcecode.c.h; path = GPKGFeatureTileGenerator.h; sourceTree = "<group>"; };
		04E0BC1E1B31BE4D00267E6A /* GPKGFeatureTileGenerator.m */ = {isa = PBXFileReference; fileEncoding = 4; lastKnownFileType = sourcecode.c.objc; path = GPKGFeatureTileGenerator.m; sourceTree = "<group>"; };
		04E0BC201B31BE6400267E6A /* GPKGFeatureTiles.h */ = {isa = PBXFileReference; fileEncoding = 4; lastKnownFileType = sourcecode.c.h; path = GPKGFeatureTiles.h; sourceTree = "<group>"; };
		04E0BC211B31BE6400267E6A /* GPKGFeatureTiles.m */ = {isa = PBXFileReference; fileEncoding = 4; lastKnownFileType = sourcecode.c.objc; path = GPKGFeatureTiles.m; sourceTree = "<group>"; };
		04E0BC231B31D29000267E6A /* GPKGProgress.h */ = {isa = PBXFileReference; fileEncoding = 4; lastKnownFileType = sourcecode.c.h; path = GPKGProgress.h; sourceTree = "<group>"; };
		04E0BC241B33292900267E6A /* GPKGUrlTileGenerator.h */ = {isa = PBXFileReference; fileEncoding = 4; lastKnownFileType = sourcecode.c.h; path = GPKGUrlTileGenerator.h; sourceTree = "<group>"; };
		04E0BC251B33292900267E6A /* GPKGUrlTileGenerator.m */ = {isa = PBXFileReference; fileEncoding = 4; lastKnownFileType = sourcecode.c.objc; path = GPKGUrlTileGenerator.m; sourceTree = "<group>"; };
		04FE04991B01556A00B9308E /* GPKGResultSet.h */ = {isa = PBXFileReference; fileEncoding = 4; lastKnownFileType = sourcecode.c.h; path = GPKGResultSet.h; sourceTree = "<group>"; };
		04FE049A1B01556A00B9308E /* GPKGResultSet.m */ = {isa = PBXFileReference; fileEncoding = 4; lastKnownFileType = sourcecode.c.objc; path = GPKGResultSet.m; sourceTree = "<group>"; };
		39DF41138FD44961C4D38209 /* Pods-geopackage-iosTests.release.xcconfig */ = {isa = PBXFileReference; includeInIndex = 1; lastKnownFileType = text.xcconfig; name = "Pods-geopackage-iosTests.release.xcconfig"; path = "Pods/Target Support Files/Pods-geopackage-iosTests/Pods-geopackage-iosTests.release.xcconfig"; sourceTree = "<group>"; };
		435E40D6DED0B57C7CD7F894 /* Pods-geopackage-iosTests.debug.xcconfig */ = {isa = PBXFileReference; includeInIndex = 1; lastKnownFileType = text.xcconfig; name = "Pods-geopackage-iosTests.debug.xcconfig"; path = "Pods/Target Support Files/Pods-geopackage-iosTests/Pods-geopackage-iosTests.debug.xcconfig"; sourceTree = "<group>"; };
		5C8408C01A5F6F7C31644B10 /* libPods.a */ = {isa = PBXFileReference; explicitFileType = archive.ar; includeInIndex = 0; path = libPods.a; sourceTree = BUILT_PRODUCTS_DIR; };
		6477C0407B470E29D8988ABF /* libPods-geopackage-ios.a */ = {isa = PBXFileReference; explicitFileType = archive.ar; includeInIndex = 0; path = "libPods-geopackage-ios.a"; sourceTree = BUILT_PRODUCTS_DIR; };
		C22BB4373B9A2112435A0363 /* libPods-geopackage-iosTests.a */ = {isa = PBXFileReference; explicitFileType = archive.ar; includeInIndex = 0; path = "libPods-geopackage-iosTests.a"; sourceTree = BUILT_PRODUCTS_DIR; };
		EB555C63FF5A413927CC07F0 /* Pods.release.xcconfig */ = {isa = PBXFileReference; includeInIndex = 1; lastKnownFileType = text.xcconfig; name = Pods.release.xcconfig; path = "Pods/Target Support Files/Pods/Pods.release.xcconfig"; sourceTree = "<group>"; };
		F7EE5A3297FBEF856E6128EC /* Pods.debug.xcconfig */ = {isa = PBXFileReference; includeInIndex = 1; lastKnownFileType = text.xcconfig; name = Pods.debug.xcconfig; path = "Pods/Target Support Files/Pods/Pods.debug.xcconfig"; sourceTree = "<group>"; };
/* End PBXFileReference section */

/* Begin PBXFrameworksBuildPhase section */
		040136141AF92C9300C92AFC /* Frameworks */ = {
			isa = PBXFrameworksBuildPhase;
			buildActionMask = 2147483647;
			files = (
				04E0BC081B30B83400267E6A /* UIKit.framework in Frameworks */,
				04E0BC061B30B82800267E6A /* CoreGraphics.framework in Frameworks */,
				048C21211AFB99D300EBC38B /* libsqlite3.dylib in Frameworks */,
				15B15FEE58FBD4F2C943E19D /* libPods.a in Frameworks */,
			);
			runOnlyForDeploymentPostprocessing = 0;
		};
		0401361F1AF92C9300C92AFC /* Frameworks */ = {
			isa = PBXFrameworksBuildPhase;
			buildActionMask = 2147483647;
			files = (
				044FA5291B275EBB00E09D30 /* libsqlite3.dylib in Frameworks */,
				9525C47203C05F929071FD3C /* libPods-geopackage-iosTests.a in Frameworks */,
			);
			runOnlyForDeploymentPostprocessing = 0;
		};
/* End PBXFrameworksBuildPhase section */

/* Begin PBXGroup section */
		0401360E1AF92C9300C92AFC = {
			isa = PBXGroup;
			children = (
				048C21201AFB99D300EBC38B /* libsqlite3.dylib */,
				040136191AF92C9300C92AFC /* geopackage-ios */,
				040136261AF92C9300C92AFC /* geopackage-iosTests */,
				040136181AF92C9300C92AFC /* Products */,
				3918DADEC44E3EE696F7C299 /* Pods */,
				A22AD363E90909C7C66D2E73 /* Frameworks */,
			);
			sourceTree = "<group>";
		};
		040136181AF92C9300C92AFC /* Products */ = {
			isa = PBXGroup;
			children = (
				040136171AF92C9300C92AFC /* libgeopackage-ios.a */,
				040136221AF92C9300C92AFC /* geopackage-iosTests.xctest */,
			);
			name = Products;
			sourceTree = "<group>";
		};
		040136191AF92C9300C92AFC /* geopackage-ios */ = {
			isa = PBXGroup;
			children = (
				04CF0DA31B29F93500021F6D /* property */,
				044FA54B1B29E55100E09D30 /* io */,
				0499A7C61B271E9F00C161DD /* validate */,
				0499A7AD1B21CC8700C161DD /* tables.plist */,
				040686C01B0D085500A1FF7A /* user */,
				040686BC1B0CD7A300A1FF7A /* geom */,
				040686B11B0CC2BF00A1FF7A /* extension */,
				040686A01B0BD76A00A1FF7A /* metadata */,
				040686911B0B8F1600A1FF7A /* schema */,
				0406867E1B0A7D0F00A1FF7A /* tiles */,
				040686711B066AC800A1FF7A /* projection */,
				0499E6231AFD43E400431FCF /* features */,
				0499E61C1AFD2C8D00431FCF /* factory */,
				048C21251AFBA53000EBC38B /* db */,
				048C211C1AFB930800EBC38B /* core */,
				0499E6191AFD22D600431FCF /* GPKGGeoPackage.h */,
				0499E61A1AFD22D700431FCF /* GPKGGeoPackage.m */,
				0406867B1B0A56D900A1FF7A /* GPKGGeoPackageConstants.h */,
				0406867C1B0A56D900A1FF7A /* GPKGGeoPackageConstants.m */,
				040686881B0A859F00A1FF7A /* GPKGBoundingBox.h */,
				040686891B0A859F00A1FF7A /* GPKGBoundingBox.m */,
				04A1D8E31B173FC20006674B /* GPKGUtils.h */,
				04A1D8E41B173FC20006674B /* GPKGUtils.m */,
				04CF0DAA1B2A04C500021F6D /* geopackage.plist */,
			);
			path = "geopackage-ios";
			sourceTree = "<group>";
		};
		040136261AF92C9300C92AFC /* geopackage-iosTests */ = {
			isa = PBXGroup;
			children = (
				04E0BC0B1B30B9BF00267E6A /* import_db_corrupt.gpkg */,
				04E0BC091B30B99800267E6A /* tile.png */,
				044FA5401B278E9800E09D30 /* geom */,
				044FA53D1B277D8500E09D30 /* import_db.gpkg */,
				044FA5221B275C3500E09D30 /* GPKGBaseTestCase.h */,
				044FA5231B275C3500E09D30 /* GPKGBaseTestCase.m */,
				044FA5241B275C3500E09D30 /* GPKGGeoPackageTestCase.h */,
				044FA5251B275C3500E09D30 /* GPKGGeoPackageTestCase.m */,
				040136271AF92C9300C92AFC /* Supporting Files */,
				044FA52E1B276CE800E09D30 /* GPKGCreateGeoPackageTestCase.h */,
				044FA52F1B276CE800E09D30 /* GPKGCreateGeoPackageTestCase.m */,
				044FA5311B276D8700E09D30 /* GPKGTestSetupTeardown.h */,
				044FA5321B276D8700E09D30 /* GPKGTestSetupTeardown.m */,
				044FA5371B2771FF00E09D30 /* GPKGTestConstants.h */,
				044FA5381B2771FF00E09D30 /* GPKGTestConstants.m */,
				044FA53A1B277A5800E09D30 /* GPKGImportGeoPackageTestCase.h */,
				044FA53B1B277A5800E09D30 /* GPKGImportGeoPackageTestCase.m */,
				04E0BC021B2B42AF00267E6A /* GPKGTestUtils.h */,
				04E0BC031B2B42AF00267E6A /* GPKGTestUtils.m */,
			);
			path = "geopackage-iosTests";
			sourceTree = "<group>";
		};
		040136271AF92C9300C92AFC /* Supporting Files */ = {
			isa = PBXGroup;
			children = (
				040136281AF92C9300C92AFC /* Info.plist */,
			);
			name = "Supporting Files";
			sourceTree = "<group>";
		};
		040686711B066AC800A1FF7A /* projection */ = {
			isa = PBXGroup;
			children = (
				040686721B066B1000A1FF7A /* GPKGProjectionConstants.h */,
				040686731B066B1000A1FF7A /* GPKGProjectionConstants.m */,
				040686D61B0E870800A1FF7A /* GPKGProjection.h */,
				040686D71B0E870800A1FF7A /* GPKGProjection.m */,
				040686D91B0E8F7700A1FF7A /* GPKGProjectionTransform.h */,
				040686DA1B0E8F7700A1FF7A /* GPKGProjectionTransform.m */,
				040686DC1B0E91DD00A1FF7A /* GPKGProjectionFactory.h */,
				040686DD1B0E91DD00A1FF7A /* GPKGProjectionFactory.m */,
			);
			path = projection;
			sourceTree = "<group>";
		};
		0406867E1B0A7D0F00A1FF7A /* tiles */ = {
			isa = PBXGroup;
			children = (
				04E0BC1C1B31BDEB00267E6A /* features */,
				040686811B0A7D5600A1FF7A /* user */,
				040686801B0A7D4F00A1FF7A /* matrix */,
				0406867F1B0A7D4600A1FF7A /* matrixset */,
				0499A7BD1B25D18F00C161DD /* GPKGTileBoundingBoxUtils.h */,
				0499A7BE1B25D18F00C161DD /* GPKGTileBoundingBoxUtils.m */,
				0499A7C01B25D19E00C161DD /* GPKGTileGrid.h */,
				0499A7C11B25D19E00C161DD /* GPKGTileGrid.m */,
				04E0BC161B31BD4200267E6A /* GPKGTileGenerator.h */,
				04E0BC171B31BD4200267E6A /* GPKGTileGenerator.m */,
				04E0BC241B33292900267E6A /* GPKGUrlTileGenerator.h */,
				04E0BC251B33292900267E6A /* GPKGUrlTileGenerator.m */,
			);
			path = tiles;
			sourceTree = "<group>";
		};
		0406867F1B0A7D4600A1FF7A /* matrixset */ = {
			isa = PBXGroup;
			children = (
				040686821B0A7D9E00A1FF7A /* GPKGTileMatrixSet.h */,
				040686831B0A7D9E00A1FF7A /* GPKGTileMatrixSet.m */,
				040686851B0A7DC100A1FF7A /* GPKGTileMatrixSetDao.h */,
				040686861B0A7DC100A1FF7A /* GPKGTileMatrixSetDao.m */,
			);
			path = matrixset;
			sourceTree = "<group>";
		};
		040686801B0A7D4F00A1FF7A /* matrix */ = {
			isa = PBXGroup;
			children = (
				0406868B1B0B70C700A1FF7A /* GPKGTileMatrix.h */,
				0406868C1B0B70C700A1FF7A /* GPKGTileMatrix.m */,
				0406868E1B0B70EC00A1FF7A /* GPKGTileMatrixDao.h */,
				0406868F1B0B70EC00A1FF7A /* GPKGTileMatrixDao.m */,
			);
			path = matrix;
			sourceTree = "<group>";
		};
		040686811B0A7D5600A1FF7A /* user */ = {
			isa = PBXGroup;
			children = (
				0499A7AE1B220D4000C161DD /* GPKGTileDao.h */,
				0499A7AF1B220D4000C161DD /* GPKGTileDao.m */,
				0499A7B11B220D5A00C161DD /* GPKGTileRow.h */,
				0499A7B21B220D5A00C161DD /* GPKGTileRow.m */,
				0499A7B41B220D7B00C161DD /* GPKGTileTable.h */,
				0499A7B51B220D7B00C161DD /* GPKGTileTable.m */,
				0499A7B71B220D9100C161DD /* GPKGTileColumn.h */,
				0499A7B81B220D9100C161DD /* GPKGTileColumn.m */,
				0499A7BA1B220DA900C161DD /* GPKGTileTableReader.h */,
				0499A7BB1B220DA900C161DD /* GPKGTileTableReader.m */,
				0499A7C31B25EA9D00C161DD /* GPKGTileDaoUtils.h */,
				0499A7C41B25EA9D00C161DD /* GPKGTileDaoUtils.m */,
			);
			path = user;
			sourceTree = "<group>";
		};
		040686911B0B8F1600A1FF7A /* schema */ = {
			isa = PBXGroup;
			children = (
				040686931B0B8F3600A1FF7A /* constraints */,
				040686921B0B8F2600A1FF7A /* columns */,
			);
			path = schema;
			sourceTree = "<group>";
		};
		040686921B0B8F2600A1FF7A /* columns */ = {
			isa = PBXGroup;
			children = (
				040686941B0B8F8800A1FF7A /* GPKGDataColumnsDao.h */,
				040686951B0B8F8800A1FF7A /* GPKGDataColumnsDao.m */,
				040686971B0B8F9E00A1FF7A /* GPKGDataColumns.h */,
				040686981B0B8F9E00A1FF7A /* GPKGDataColumns.m */,
			);
			path = columns;
			sourceTree = "<group>";
		};
		040686931B0B8F3600A1FF7A /* constraints */ = {
			isa = PBXGroup;
			children = (
				0406869A1B0B9C8000A1FF7A /* GPKGDataColumnConstraints.h */,
				0406869B1B0B9C8000A1FF7A /* GPKGDataColumnConstraints.m */,
				0406869D1B0B9C9F00A1FF7A /* GPKGDataColumnConstraintsDao.h */,
				0406869E1B0B9C9F00A1FF7A /* GPKGDataColumnConstraintsDao.m */,
			);
			path = constraints;
			sourceTree = "<group>";
		};
		040686A01B0BD76A00A1FF7A /* metadata */ = {
			isa = PBXGroup;
			children = (
				040686AA1B0BEEC000A1FF7A /* reference */,
				040686A11B0BD78B00A1FF7A /* GPKGMetadataDao.h */,
				040686A21B0BD78B00A1FF7A /* GPKGMetadataDao.m */,
				040686A41B0BD7A000A1FF7A /* GPKGMetadata.h */,
				040686A51B0BD7A000A1FF7A /* GPKGMetadata.m */,
				040686A71B0BE8D600A1FF7A /* GPKGMetadataScope.h */,
				040686A81B0BE8D600A1FF7A /* GPKGMetadataScope.m */,
			);
			path = metadata;
			sourceTree = "<group>";
		};
		040686AA1B0BEEC000A1FF7A /* reference */ = {
			isa = PBXGroup;
			children = (
				040686AB1B0BEF2400A1FF7A /* GPKGMetadataReference.h */,
				040686AC1B0BEF2400A1FF7A /* GPKGMetadataReference.m */,
				040686AE1B0BEF3900A1FF7A /* GPKGMetadataReferenceDao.h */,
				040686AF1B0BEF3900A1FF7A /* GPKGMetadataReferenceDao.m */,
			);
			path = reference;
			sourceTree = "<group>";
		};
		040686B11B0CC2BF00A1FF7A /* extension */ = {
			isa = PBXGroup;
			children = (
				040686B21B0CC2F900A1FF7A /* GPKGExtensions.h */,
				040686B31B0CC2FA00A1FF7A /* GPKGExtensions.m */,
				040686B51B0CC31500A1FF7A /* GPKGExtensionsDao.h */,
				040686B61B0CC31500A1FF7A /* GPKGExtensionsDao.m */,
				0499A7651B1CDA8600C161DD /* GPKGGeometryExtensions.h */,
				0499A7661B1CDA8600C161DD /* GPKGGeometryExtensions.m */,
			);
			path = extension;
			sourceTree = "<group>";
		};
		040686BB1B0CD69700A1FF7A /* user */ = {
			isa = PBXGroup;
			children = (
				040686D31B0E7EAF00A1FF7A /* GPKGFeatureDao.h */,
				040686D41B0E7EAF00A1FF7A /* GPKGFeatureDao.m */,
				040686DF1B14C8F200A1FF7A /* GPKGFeatureRow.h */,
				040686E01B14C8F200A1FF7A /* GPKGFeatureRow.m */,
				040686E21B14CCE000A1FF7A /* GPKGFeatureTable.h */,
				040686E31B14CCE000A1FF7A /* GPKGFeatureTable.m */,
				040686E51B14CCFA00A1FF7A /* GPKGFeatureColumn.h */,
				040686E61B14CCFA00A1FF7A /* GPKGFeatureColumn.m */,
				04A1D8E01B16179E0006674B /* GPKGFeatureTableReader.h */,
				04A1D8E11B16179E0006674B /* GPKGFeatureTableReader.m */,
			);
			path = user;
			sourceTree = "<group>";
		};
		040686BC1B0CD7A300A1FF7A /* geom */ = {
			isa = PBXGroup;
			children = (
				040686BD1B0CD7C400A1FF7A /* GPKGGeometryData.h */,
				040686BE1B0CD7C400A1FF7A /* GPKGGeometryData.m */,
			);
			path = geom;
			sourceTree = "<group>";
		};
		040686C01B0D085500A1FF7A /* user */ = {
			isa = PBXGroup;
			children = (
				040686C11B0D08A900A1FF7A /* GPKGUserDao.h */,
				040686C21B0D08A900A1FF7A /* GPKGUserDao.m */,
				040686C41B0D0EF800A1FF7A /* GPKGUserTable.h */,
				040686C51B0D0EF800A1FF7A /* GPKGUserTable.m */,
				040686C71B0D0F1800A1FF7A /* GPKGUserColumn.h */,
				040686C81B0D0F1800A1FF7A /* GPKGUserColumn.m */,
				040686CA1B0D0F5A00A1FF7A /* GPKGUserUniqueConstraint.h */,
				040686CB1B0D0F5A00A1FF7A /* GPKGUserUniqueConstraint.m */,
				040686CD1B0D1E6100A1FF7A /* GPKGUserRow.h */,
				040686CE1B0D1E6100A1FF7A /* GPKGUserRow.m */,
				04A1D8DD1B1616320006674B /* GPKGUserTableReader.h */,
				04A1D8DE1B1616320006674B /* GPKGUserTableReader.m */,
				0499A7A71B1F380800C161DD /* GPKGContentValues.h */,
				0499A7A81B1F380800C161DD /* GPKGContentValues.m */,
			);
			path = user;
			sourceTree = "<group>";
		};
		044FA5401B278E9800E09D30 /* geom */ = {
			isa = PBXGroup;
			children = (
				044FA5411B278EC100E09D30 /* GPKGGeoPackageGeometryDataUtils.h */,
				044FA5421B278EC100E09D30 /* GPKGGeoPackageGeometryDataUtils.m */,
				044FA5441B278EEF00E09D30 /* GPKGGeoPackageGeometryDataImportTest.h */,
				044FA5451B278EEF00E09D30 /* GPKGGeoPackageGeometryDataImportTest.m */,
				044FA5471B28C61600E09D30 /* GPKGGeoPackageGeometryDataCreateTest.h */,
				044FA5481B28C61600E09D30 /* GPKGGeoPackageGeometryDataCreateTest.m */,
			);
			path = geom;
			sourceTree = "<group>";
		};
		044FA54B1B29E55100E09D30 /* io */ = {
			isa = PBXGroup;
			children = (
				043AEBB31B29EBFE0079D457 /* GPKGIOUtils.h */,
				043AEBB41B29EBFE0079D457 /* GPKGIOUtils.m */,
				04E0BC0D1B30C8B300267E6A /* GPKGImageConverter.h */,
				04E0BC0E1B30C8B300267E6A /* GPKGImageConverter.m */,
				04E0BC131B319E8700267E6A /* GPKGCompressFormats.h */,
				04E0BC141B319E8700267E6A /* GPKGCompressFormats.m */,
				04E0BC231B31D29000267E6A /* GPKGProgress.h */,
			);
			path = io;
			sourceTree = "<group>";
		};
		048C211C1AFB930800EBC38B /* core */ = {
			isa = PBXGroup;
			children = (
				048C211F1AFB937000EBC38B /* srs */,
				048C211E1AFB935C00EBC38B /* contents */,
			);
			path = core;
			sourceTree = "<group>";
		};
		048C211E1AFB935C00EBC38B /* contents */ = {
			isa = PBXGroup;
			children = (
				040686751B0A128000A1FF7A /* GPKGContents.h */,
				040686761B0A128000A1FF7A /* GPKGContents.m */,
				040686781B0A12A000A1FF7A /* GPKGContentsDao.h */,
				040686791B0A12A000A1FF7A /* GPKGContentsDao.m */,
			);
			path = contents;
			sourceTree = "<group>";
		};
		048C211F1AFB937000EBC38B /* srs */ = {
			isa = PBXGroup;
			children = (
				0406866B1B06566E00A1FF7A /* GPKGSpatialReferenceSystem.h */,
				0406866C1B06566E00A1FF7A /* GPKGSpatialReferenceSystem.m */,
				0406866E1B06568800A1FF7A /* GPKGSpatialReferenceSystemDao.h */,
				0406866F1B06568800A1FF7A /* GPKGSpatialReferenceSystemDao.m */,
			);
			path = srs;
			sourceTree = "<group>";
		};
		048C21251AFBA53000EBC38B /* db */ = {
			isa = PBXGroup;
			children = (
				0406865F1B03BE4F00A1FF7A /* GPKGSqlLiteQueryBuilder.h */,
				040686601B03BE4F00A1FF7A /* GPKGSqlLiteQueryBuilder.m */,
				0499E62B1AFD4CA400431FCF /* dao */,
				048C21261AFBA5B300EBC38B /* GPKGConnection.h */,
				048C21271AFBA5B300EBC38B /* GPKGConnection.m */,
				04FE04991B01556A00B9308E /* GPKGResultSet.h */,
				04FE049A1B01556A00B9308E /* GPKGResultSet.m */,
				040686621B04C75200A1FF7A /* GPKGSqlUtils.h */,
				040686631B04C75200A1FF7A /* GPKGSqlUtils.m */,
				040686B81B0CD60100A1FF7A /* GPKGTableCreator.h */,
				040686B91B0CD60100A1FF7A /* GPKGTableCreator.m */,
				040686D01B0D2E2000A1FF7A /* GPKGDataTypes.h */,
				040686D11B0D2E2000A1FF7A /* GPKGDataTypes.m */,
			);
			path = db;
			sourceTree = "<group>";
		};
		0499A7C61B271E9F00C161DD /* validate */ = {
			isa = PBXGroup;
			children = (
				0499A7C71B271EC300C161DD /* GPKGGeoPackageValidate.h */,
				0499A7C81B271EC300C161DD /* GPKGGeoPackageValidate.m */,
			);
			path = validate;
			sourceTree = "<group>";
		};
		0499E61C1AFD2C8D00431FCF /* factory */ = {
			isa = PBXGroup;
			children = (
				0499E61D1AFD2CBC00431FCF /* GPKGGeoPackageManager.h */,
				0499E61E1AFD2CBC00431FCF /* GPKGGeoPackageManager.m */,
				0499E6201AFD330200431FCF /* GPKGGeoPackageFactory.h */,
				0499E6211AFD330200431FCF /* GPKGGeoPackageFactory.m */,
			);
			path = factory;
			sourceTree = "<group>";
		};
		0499E6231AFD43E400431FCF /* features */ = {
			isa = PBXGroup;
			children = (
				040686BB1B0CD69700A1FF7A /* user */,
				0499E6241AFD43EC00431FCF /* columns */,
			);
			path = features;
			sourceTree = "<group>";
		};
		0499E6241AFD43EC00431FCF /* columns */ = {
			isa = PBXGroup;
			children = (
				0499E6251AFD441C00431FCF /* GPKGGeometryColumns.h */,
				0499E6261AFD441C00431FCF /* GPKGGeometryColumns.m */,
				0499E6281AFD443600431FCF /* GPKGGeometryColumnsDao.h */,
				0499E6291AFD443600431FCF /* GPKGGeometryColumnsDao.m */,
			);
			path = columns;
			sourceTree = "<group>";
		};
		0499E62B1AFD4CA400431FCF /* dao */ = {
			isa = PBXGroup;
			children = (
				0499E62C1AFD4CC100431FCF /* GPKGBaseDao.h */,
				0499E62D1AFD4CC100431FCF /* GPKGBaseDao.m */,
				040686591B024E2500A1FF7A /* GPKGColumnValue.h */,
				0406865A1B024E2500A1FF7A /* GPKGColumnValue.m */,
				0499A7AA1B207EBB00C161DD /* GPKGColumnValues.h */,
				0499A7AB1B207EBB00C161DD /* GPKGColumnValues.m */,
			);
			path = dao;
			sourceTree = "<group>";
		};
		04CF0DA31B29F93500021F6D /* property */ = {
			isa = PBXGroup;
			children = (
				04CF0DA41B29F97500021F6D /* GPKGProperties.h */,
				04CF0DA51B29F97500021F6D /* GPKGProperties.m */,
				04CF0DA71B29F98500021F6D /* GPKGPropertyConstants.h */,
				04CF0DA81B29F98500021F6D /* GPKGPropertyConstants.m */,
			);
			path = property;
			sourceTree = "<group>";
		};
		04E0BC1C1B31BDEB00267E6A /* features */ = {
			isa = PBXGroup;
			children = (
				04E0BC1D1B31BE4D00267E6A /* GPKGFeatureTileGenerator.h */,
				04E0BC1E1B31BE4D00267E6A /* GPKGFeatureTileGenerator.m */,
				04E0BC201B31BE6400267E6A /* GPKGFeatureTiles.h */,
				04E0BC211B31BE6400267E6A /* GPKGFeatureTiles.m */,
			);
			path = features;
			sourceTree = "<group>";
		};
		3918DADEC44E3EE696F7C299 /* Pods */ = {
			isa = PBXGroup;
			children = (
				F7EE5A3297FBEF856E6128EC /* Pods.debug.xcconfig */,
				EB555C63FF5A413927CC07F0 /* Pods.release.xcconfig */,
				435E40D6DED0B57C7CD7F894 /* Pods-geopackage-iosTests.debug.xcconfig */,
				39DF41138FD44961C4D38209 /* Pods-geopackage-iosTests.release.xcconfig */,
			);
			name = Pods;
			sourceTree = "<group>";
		};
		A22AD363E90909C7C66D2E73 /* Frameworks */ = {
			isa = PBXGroup;
			children = (
				04E0BC071B30B83400267E6A /* UIKit.framework */,
				04E0BC051B30B82800267E6A /* CoreGraphics.framework */,
				5C8408C01A5F6F7C31644B10 /* libPods.a */,
				C22BB4373B9A2112435A0363 /* libPods-geopackage-iosTests.a */,
				6477C0407B470E29D8988ABF /* libPods-geopackage-ios.a */,
			);
			name = Frameworks;
			sourceTree = "<group>";
		};
/* End PBXGroup section */

/* Begin PBXNativeTarget section */
		040136161AF92C9300C92AFC /* geopackage-ios */ = {
			isa = PBXNativeTarget;
			buildConfigurationList = 0401362B1AF92C9300C92AFC /* Build configuration list for PBXNativeTarget "geopackage-ios" */;
			buildPhases = (
				7767052541E8F97385597BDA /* Check Pods Manifest.lock */,
				040136131AF92C9300C92AFC /* Sources */,
				040136141AF92C9300C92AFC /* Frameworks */,
				040136151AF92C9300C92AFC /* CopyFiles */,
				6B65257D7837B0E34B8BC785 /* Copy Pods Resources */,
			);
			buildRules = (
			);
			dependencies = (
			);
			name = "geopackage-ios";
			productName = "geopackage-ios";
			productReference = 040136171AF92C9300C92AFC /* libgeopackage-ios.a */;
			productType = "com.apple.product-type.library.static";
		};
		040136211AF92C9300C92AFC /* geopackage-iosTests */ = {
			isa = PBXNativeTarget;
			buildConfigurationList = 0401362E1AF92C9300C92AFC /* Build configuration list for PBXNativeTarget "geopackage-iosTests" */;
			buildPhases = (
				7EFADC142856152930D9671A /* Check Pods Manifest.lock */,
				0401361E1AF92C9300C92AFC /* Sources */,
				0401361F1AF92C9300C92AFC /* Frameworks */,
				040136201AF92C9300C92AFC /* Resources */,
				5372A9D52C4F8AD6378A962C /* Copy Pods Resources */,
			);
			buildRules = (
			);
			dependencies = (
				040136251AF92C9300C92AFC /* PBXTargetDependency */,
			);
			name = "geopackage-iosTests";
			productName = "geopackage-iosTests";
			productReference = 040136221AF92C9300C92AFC /* geopackage-iosTests.xctest */;
			productType = "com.apple.product-type.bundle.unit-test";
		};
/* End PBXNativeTarget section */

/* Begin PBXProject section */
		0401360F1AF92C9300C92AFC /* Project object */ = {
			isa = PBXProject;
			attributes = {
				LastUpgradeCheck = 0630;
				ORGANIZATIONNAME = NGA;
				TargetAttributes = {
					040136161AF92C9300C92AFC = {
						CreatedOnToolsVersion = 6.3.1;
					};
					040136211AF92C9300C92AFC = {
						CreatedOnToolsVersion = 6.3.1;
					};
				};
			};
			buildConfigurationList = 040136121AF92C9300C92AFC /* Build configuration list for PBXProject "geopackage-ios" */;
			compatibilityVersion = "Xcode 3.2";
			developmentRegion = English;
			hasScannedForEncodings = 0;
			knownRegions = (
				en,
			);
			mainGroup = 0401360E1AF92C9300C92AFC;
			productRefGroup = 040136181AF92C9300C92AFC /* Products */;
			projectDirPath = "";
			projectRoot = "";
			targets = (
				040136161AF92C9300C92AFC /* geopackage-ios */,
				040136211AF92C9300C92AFC /* geopackage-iosTests */,
			);
		};
/* End PBXProject section */

/* Begin PBXResourcesBuildPhase section */
		040136201AF92C9300C92AFC /* Resources */ = {
			isa = PBXResourcesBuildPhase;
			buildActionMask = 2147483647;
			files = (
				044FA54A1B29D71400E09D30 /* tables.plist in Resources */,
				044FA53E1B277D8500E09D30 /* import_db.gpkg in Resources */,
				04E0BC0A1B30B99800267E6A /* tile.png in Resources */,
				04E0BC0C1B30B9BF00267E6A /* import_db_corrupt.gpkg in Resources */,
			);
			runOnlyForDeploymentPostprocessing = 0;
		};
/* End PBXResourcesBuildPhase section */

/* Begin PBXShellScriptBuildPhase section */
		5372A9D52C4F8AD6378A962C /* Copy Pods Resources */ = {
			isa = PBXShellScriptBuildPhase;
			buildActionMask = 2147483647;
			files = (
			);
			inputPaths = (
			);
			name = "Copy Pods Resources";
			outputPaths = (
			);
			runOnlyForDeploymentPostprocessing = 0;
			shellPath = /bin/sh;
			shellScript = "\"${SRCROOT}/Pods/Target Support Files/Pods-geopackage-iosTests/Pods-geopackage-iosTests-resources.sh\"\n";
			showEnvVarsInLog = 0;
		};
		6B65257D7837B0E34B8BC785 /* Copy Pods Resources */ = {
			isa = PBXShellScriptBuildPhase;
			buildActionMask = 2147483647;
			files = (
			);
			inputPaths = (
				"$(SRCROOT)/geopackage-ios/tables.plist",
			);
			name = "Copy Pods Resources";
			outputPaths = (
			);
			runOnlyForDeploymentPostprocessing = 0;
			shellPath = /bin/sh;
			shellScript = "\"${SRCROOT}/Pods/Target Support Files/Pods/Pods-resources.sh\"\n";
			showEnvVarsInLog = 0;
		};
		7767052541E8F97385597BDA /* Check Pods Manifest.lock */ = {
			isa = PBXShellScriptBuildPhase;
			buildActionMask = 2147483647;
			files = (
			);
			inputPaths = (
			);
			name = "Check Pods Manifest.lock";
			outputPaths = (
			);
			runOnlyForDeploymentPostprocessing = 0;
			shellPath = /bin/sh;
			shellScript = "diff \"${PODS_ROOT}/../Podfile.lock\" \"${PODS_ROOT}/Manifest.lock\" > /dev/null\nif [[ $? != 0 ]] ; then\n    cat << EOM\nerror: The sandbox is not in sync with the Podfile.lock. Run 'pod install' or update your CocoaPods installation.\nEOM\n    exit 1\nfi\n";
			showEnvVarsInLog = 0;
		};
		7EFADC142856152930D9671A /* Check Pods Manifest.lock */ = {
			isa = PBXShellScriptBuildPhase;
			buildActionMask = 2147483647;
			files = (
			);
			inputPaths = (
			);
			name = "Check Pods Manifest.lock";
			outputPaths = (
			);
			runOnlyForDeploymentPostprocessing = 0;
			shellPath = /bin/sh;
			shellScript = "diff \"${PODS_ROOT}/../Podfile.lock\" \"${PODS_ROOT}/Manifest.lock\" > /dev/null\nif [[ $? != 0 ]] ; then\n    cat << EOM\nerror: The sandbox is not in sync with the Podfile.lock. Run 'pod install' or update your CocoaPods installation.\nEOM\n    exit 1\nfi\n";
			showEnvVarsInLog = 0;
		};
/* End PBXShellScriptBuildPhase section */

/* Begin PBXSourcesBuildPhase section */
		040136131AF92C9300C92AFC /* Sources */ = {
			isa = PBXSourcesBuildPhase;
			buildActionMask = 2147483647;
			files = (
				043AEBB71B29ED8F0079D457 /* GPKGIOUtils.m in Sources */,
				0499A7671B1CDA8600C161DD /* GPKGGeometryExtensions.m in Sources */,
				04E0BC181B31BD4200267E6A /* GPKGTileGenerator.m in Sources */,
				0406865B1B024E2500A1FF7A /* GPKGColumnValue.m in Sources */,
				040686D81B0E870800A1FF7A /* GPKGProjection.m in Sources */,
				0406869C1B0B9C8000A1FF7A /* GPKGDataColumnConstraints.m in Sources */,
				040686B01B0BEF3900A1FF7A /* GPKGMetadataReferenceDao.m in Sources */,
				040686E41B14CCE000A1FF7A /* GPKGFeatureTable.m in Sources */,
				0499A7B01B220D4000C161DD /* GPKGTileDao.m in Sources */,
				04E0BC261B33292900267E6A /* GPKGUrlTileGenerator.m in Sources */,
				040686961B0B8F8800A1FF7A /* GPKGDataColumnsDao.m in Sources */,
				040686B41B0CC2FA00A1FF7A /* GPKGExtensions.m in Sources */,
				0406867D1B0A56D900A1FF7A /* GPKGGeoPackageConstants.m in Sources */,
				0499A7C21B25D19E00C161DD /* GPKGTileGrid.m in Sources */,
				040686701B06568800A1FF7A /* GPKGSpatialReferenceSystemDao.m in Sources */,
				040686BF1B0CD7C400A1FF7A /* GPKGGeometryData.m in Sources */,
				040686D21B0D2E2000A1FF7A /* GPKGDataTypes.m in Sources */,
				0499E61F1AFD2CBC00431FCF /* GPKGGeoPackageManager.m in Sources */,
				040686901B0B70EC00A1FF7A /* GPKGTileMatrixDao.m in Sources */,
				04CF0DA91B29F98500021F6D /* GPKGPropertyConstants.m in Sources */,
				040686A61B0BD7A000A1FF7A /* GPKGMetadata.m in Sources */,
				040686841B0A7D9E00A1FF7A /* GPKGTileMatrixSet.m in Sources */,
				040686C61B0D0EF800A1FF7A /* GPKGUserTable.m in Sources */,
				040686A91B0BE8D600A1FF7A /* GPKGMetadataScope.m in Sources */,
				04E0BC151B319E8700267E6A /* GPKGCompressFormats.m in Sources */,
				040686741B066B1000A1FF7A /* GPKGProjectionConstants.m in Sources */,
				0499A7BF1B25D18F00C161DD /* GPKGTileBoundingBoxUtils.m in Sources */,
				04E0BC0F1B30C8B300267E6A /* GPKGImageConverter.m in Sources */,
				040686B71B0CC31500A1FF7A /* GPKGExtensionsDao.m in Sources */,
				040686991B0B8F9E00A1FF7A /* GPKGDataColumns.m in Sources */,
				0499E61B1AFD22D700431FCF /* GPKGGeoPackage.m in Sources */,
				0499A7B31B220D5A00C161DD /* GPKGTileRow.m in Sources */,
				0499E62E1AFD4CC100431FCF /* GPKGBaseDao.m in Sources */,
				0406868D1B0B70C700A1FF7A /* GPKGTileMatrix.m in Sources */,
				048C21281AFBA5B300EBC38B /* GPKGConnection.m in Sources */,
				04CF0DA61B29F97500021F6D /* GPKGProperties.m in Sources */,
				0406869F1B0B9C9F00A1FF7A /* GPKGDataColumnConstraintsDao.m in Sources */,
				040686CC1B0D0F5A00A1FF7A /* GPKGUserUniqueConstraint.m in Sources */,
				04E0BC1F1B31BE4D00267E6A /* GPKGFeatureTileGenerator.m in Sources */,
				040686AD1B0BEF2400A1FF7A /* GPKGMetadataReference.m in Sources */,
				04A1D8DF1B1616320006674B /* GPKGUserTableReader.m in Sources */,
				040686DB1B0E8F7700A1FF7A /* GPKGProjectionTransform.m in Sources */,
				040686DE1B0E91DD00A1FF7A /* GPKGProjectionFactory.m in Sources */,
				040686CF1B0D1E6100A1FF7A /* GPKGUserRow.m in Sources */,
				04A1D8E51B173FC20006674B /* GPKGUtils.m in Sources */,
				040686D51B0E7EAF00A1FF7A /* GPKGFeatureDao.m in Sources */,
				0406867A1B0A12A000A1FF7A /* GPKGContentsDao.m in Sources */,
				0499A7B61B220D7B00C161DD /* GPKGTileTable.m in Sources */,
				0499E6221AFD330200431FCF /* GPKGGeoPackageFactory.m in Sources */,
				040686E71B14CCFA00A1FF7A /* GPKGFeatureColumn.m in Sources */,
				0499A7BC1B220DA900C161DD /* GPKGTileTableReader.m in Sources */,
				040686C91B0D0F1800A1FF7A /* GPKGUserColumn.m in Sources */,
				040686C31B0D08A900A1FF7A /* GPKGUserDao.m in Sources */,
				040686871B0A7DC100A1FF7A /* GPKGTileMatrixSetDao.m in Sources */,
				040686BA1B0CD60100A1FF7A /* GPKGTableCreator.m in Sources */,
				0499E6271AFD441C00431FCF /* GPKGGeometryColumns.m in Sources */,
				040686A31B0BD78B00A1FF7A /* GPKGMetadataDao.m in Sources */,
				040686E11B14C8F200A1FF7A /* GPKGFeatureRow.m in Sources */,
				0499A7AC1B207EBB00C161DD /* GPKGColumnValues.m in Sources */,
				0499A7C51B25EA9D00C161DD /* GPKGTileDaoUtils.m in Sources */,
				04FE049B1B01556A00B9308E /* GPKGResultSet.m in Sources */,
				0499E62A1AFD443600431FCF /* GPKGGeometryColumnsDao.m in Sources */,
				0499A7B91B220D9100C161DD /* GPKGTileColumn.m in Sources */,
				0499A7C91B271EC300C161DD /* GPKGGeoPackageValidate.m in Sources */,
				040686771B0A128000A1FF7A /* GPKGContents.m in Sources */,
				0406868A1B0A859F00A1FF7A /* GPKGBoundingBox.m in Sources */,
				0499A7A91B1F380800C161DD /* GPKGContentValues.m in Sources */,
				04E0BC221B31BE6400267E6A /* GPKGFeatureTiles.m in Sources */,
				040686611B03BE4F00A1FF7A /* GPKGSqlLiteQueryBuilder.m in Sources */,
				040686641B04C75200A1FF7A /* GPKGSqlUtils.m in Sources */,
				0406866D1B06566E00A1FF7A /* GPKGSpatialReferenceSystem.m in Sources */,
				04A1D8E21B16179E0006674B /* GPKGFeatureTableReader.m in Sources */,
			);
			runOnlyForDeploymentPostprocessing = 0;
		};
		0401361E1AF92C9300C92AFC /* Sources */ = {
			isa = PBXSourcesBuildPhase;
			buildActionMask = 2147483647;
			files = (
				044FA5431B278EC100E09D30 /* GPKGGeoPackageGeometryDataUtils.m in Sources */,
				044FA53C1B277A5800E09D30 /* GPKGImportGeoPackageTestCase.m in Sources */,
				04E0BC041B2B42AF00267E6A /* GPKGTestUtils.m in Sources */,
				044FA5461B278EEF00E09D30 /* GPKGGeoPackageGeometryDataImportTest.m in Sources */,
				044FA5391B2771FF00E09D30 /* GPKGTestConstants.m in Sources */,
				044FA5331B276D8700E09D30 /* GPKGTestSetupTeardown.m in Sources */,
				044FA5261B275C3500E09D30 /* GPKGBaseTestCase.m in Sources */,
				044FA5301B276CE800E09D30 /* GPKGCreateGeoPackageTestCase.m in Sources */,
				044FA5271B275C3500E09D30 /* GPKGGeoPackageTestCase.m in Sources */,
				044FA5491B28C61600E09D30 /* GPKGGeoPackageGeometryDataCreateTest.m in Sources */,
			);
			runOnlyForDeploymentPostprocessing = 0;
		};
/* End PBXSourcesBuildPhase section */

/* Begin PBXTargetDependency section */
		040136251AF92C9300C92AFC /* PBXTargetDependency */ = {
			isa = PBXTargetDependency;
			target = 040136161AF92C9300C92AFC /* geopackage-ios */;
			targetProxy = 040136241AF92C9300C92AFC /* PBXContainerItemProxy */;
		};
/* End PBXTargetDependency section */

/* Begin XCBuildConfiguration section */
		040136291AF92C9300C92AFC /* Debug */ = {
			isa = XCBuildConfiguration;
			buildSettings = {
				ALWAYS_SEARCH_USER_PATHS = NO;
				CLANG_CXX_LANGUAGE_STANDARD = "gnu++0x";
				CLANG_CXX_LIBRARY = "libc++";
				CLANG_ENABLE_MODULES = YES;
				CLANG_ENABLE_OBJC_ARC = YES;
				CLANG_WARN_BOOL_CONVERSION = YES;
				CLANG_WARN_CONSTANT_CONVERSION = YES;
				CLANG_WARN_DIRECT_OBJC_ISA_USAGE = YES_ERROR;
				CLANG_WARN_EMPTY_BODY = YES;
				CLANG_WARN_ENUM_CONVERSION = YES;
				CLANG_WARN_INT_CONVERSION = YES;
				CLANG_WARN_OBJC_ROOT_CLASS = YES_ERROR;
				CLANG_WARN_UNREACHABLE_CODE = YES;
				CLANG_WARN__DUPLICATE_METHOD_MATCH = YES;
				COPY_PHASE_STRIP = NO;
				DEBUG_INFORMATION_FORMAT = "dwarf-with-dsym";
				ENABLE_STRICT_OBJC_MSGSEND = YES;
				GCC_C_LANGUAGE_STANDARD = gnu99;
				GCC_DYNAMIC_NO_PIC = NO;
				GCC_NO_COMMON_BLOCKS = YES;
				GCC_OPTIMIZATION_LEVEL = 0;
				GCC_PREPROCESSOR_DEFINITIONS = (
					"DEBUG=1",
					"$(inherited)",
				);
				GCC_SYMBOLS_PRIVATE_EXTERN = NO;
				GCC_WARN_64_TO_32_BIT_CONVERSION = YES;
				GCC_WARN_ABOUT_RETURN_TYPE = YES_ERROR;
				GCC_WARN_UNDECLARED_SELECTOR = YES;
				GCC_WARN_UNINITIALIZED_AUTOS = YES_AGGRESSIVE;
				GCC_WARN_UNUSED_FUNCTION = YES;
				GCC_WARN_UNUSED_VARIABLE = YES;
				IPHONEOS_DEPLOYMENT_TARGET = 8.3;
				MTL_ENABLE_DEBUG_INFO = YES;
				ONLY_ACTIVE_ARCH = YES;
				SDKROOT = iphoneos;
			};
			name = Debug;
		};
		0401362A1AF92C9300C92AFC /* Release */ = {
			isa = XCBuildConfiguration;
			buildSettings = {
				ALWAYS_SEARCH_USER_PATHS = NO;
				CLANG_CXX_LANGUAGE_STANDARD = "gnu++0x";
				CLANG_CXX_LIBRARY = "libc++";
				CLANG_ENABLE_MODULES = YES;
				CLANG_ENABLE_OBJC_ARC = YES;
				CLANG_WARN_BOOL_CONVERSION = YES;
				CLANG_WARN_CONSTANT_CONVERSION = YES;
				CLANG_WARN_DIRECT_OBJC_ISA_USAGE = YES_ERROR;
				CLANG_WARN_EMPTY_BODY = YES;
				CLANG_WARN_ENUM_CONVERSION = YES;
				CLANG_WARN_INT_CONVERSION = YES;
				CLANG_WARN_OBJC_ROOT_CLASS = YES_ERROR;
				CLANG_WARN_UNREACHABLE_CODE = YES;
				CLANG_WARN__DUPLICATE_METHOD_MATCH = YES;
				COPY_PHASE_STRIP = NO;
				DEBUG_INFORMATION_FORMAT = "dwarf-with-dsym";
				ENABLE_NS_ASSERTIONS = NO;
				ENABLE_STRICT_OBJC_MSGSEND = YES;
				GCC_C_LANGUAGE_STANDARD = gnu99;
				GCC_NO_COMMON_BLOCKS = YES;
				GCC_WARN_64_TO_32_BIT_CONVERSION = YES;
				GCC_WARN_ABOUT_RETURN_TYPE = YES_ERROR;
				GCC_WARN_UNDECLARED_SELECTOR = YES;
				GCC_WARN_UNINITIALIZED_AUTOS = YES_AGGRESSIVE;
				GCC_WARN_UNUSED_FUNCTION = YES;
				GCC_WARN_UNUSED_VARIABLE = YES;
				IPHONEOS_DEPLOYMENT_TARGET = 8.3;
				MTL_ENABLE_DEBUG_INFO = NO;
				SDKROOT = iphoneos;
				VALIDATE_PRODUCT = YES;
			};
			name = Release;
		};
		0401362C1AF92C9300C92AFC /* Debug */ = {
			isa = XCBuildConfiguration;
			baseConfigurationReference = F7EE5A3297FBEF856E6128EC /* Pods.debug.xcconfig */;
			buildSettings = {
				OTHER_LDFLAGS = "$(inherited)";
				PRODUCT_NAME = "$(TARGET_NAME)";
				SKIP_INSTALL = YES;
			};
			name = Debug;
		};
		0401362D1AF92C9300C92AFC /* Release */ = {
			isa = XCBuildConfiguration;
			baseConfigurationReference = EB555C63FF5A413927CC07F0 /* Pods.release.xcconfig */;
			buildSettings = {
				OTHER_LDFLAGS = "$(inherited)";
				PRODUCT_NAME = "$(TARGET_NAME)";
				SKIP_INSTALL = YES;
			};
			name = Release;
		};
		0401362F1AF92C9300C92AFC /* Debug */ = {
			isa = XCBuildConfiguration;
			baseConfigurationReference = 435E40D6DED0B57C7CD7F894 /* Pods-geopackage-iosTests.debug.xcconfig */;
			buildSettings = {
				"CODE_SIGN_IDENTITY[sdk=iphoneos*]" = "iPhone Developer";
				FRAMEWORK_SEARCH_PATHS = (
					"$(SDKROOT)/Developer/Library/Frameworks",
					"$(inherited)",
				);
				GCC_PREPROCESSOR_DEFINITIONS = (
					"DEBUG=1",
					"$(inherited)",
				);
				INFOPLIST_FILE = "geopackage-iosTests/Info.plist";
				LD_RUNPATH_SEARCH_PATHS = "$(inherited) @executable_path/Frameworks @loader_path/Frameworks";
				PRODUCT_NAME = "$(TARGET_NAME)";
			};
			name = Debug;
		};
		040136301AF92C9300C92AFC /* Release */ = {
			isa = XCBuildConfiguration;
			baseConfigurationReference = 39DF41138FD44961C4D38209 /* Pods-geopackage-iosTests.release.xcconfig */;
			buildSettings = {
				"CODE_SIGN_IDENTITY[sdk=iphoneos*]" = "iPhone Developer";
				FRAMEWORK_SEARCH_PATHS = (
					"$(SDKROOT)/Developer/Library/Frameworks",
					"$(inherited)",
				);
				INFOPLIST_FILE = "geopackage-iosTests/Info.plist";
				LD_RUNPATH_SEARCH_PATHS = "$(inherited) @executable_path/Frameworks @loader_path/Frameworks";
				PRODUCT_NAME = "$(TARGET_NAME)";
			};
			name = Release;
		};
/* End XCBuildConfiguration section */

/* Begin XCConfigurationList section */
		040136121AF92C9300C92AFC /* Build configuration list for PBXProject "geopackage-ios" */ = {
			isa = XCConfigurationList;
			buildConfigurations = (
				040136291AF92C9300C92AFC /* Debug */,
				0401362A1AF92C9300C92AFC /* Release */,
			);
			defaultConfigurationIsVisible = 0;
			defaultConfigurationName = Release;
		};
		0401362B1AF92C9300C92AFC /* Build configuration list for PBXNativeTarget "geopackage-ios" */ = {
			isa = XCConfigurationList;
			buildConfigurations = (
				0401362C1AF92C9300C92AFC /* Debug */,
				0401362D1AF92C9300C92AFC /* Release */,
			);
			defaultConfigurationIsVisible = 0;
			defaultConfigurationName = Release;
		};
		0401362E1AF92C9300C92AFC /* Build configuration list for PBXNativeTarget "geopackage-iosTests" */ = {
			isa = XCConfigurationList;
			buildConfigurations = (
				0401362F1AF92C9300C92AFC /* Debug */,
				040136301AF92C9300C92AFC /* Release */,
			);
			defaultConfigurationIsVisible = 0;
			defaultConfigurationName = Release;
		};
/* End XCConfigurationList section */
	};
	rootObject = 0401360F1AF92C9300C92AFC /* Project object */;
}
